// !$*UTF8*$!
{
	archiveVersion = 1;
	classes = {
	};
	objectVersion = 46;
	objects = {

/* Begin PBXBuildFile section */
		0CB7CF4E5FFE8F5C4651C4AA /* Pods_UICollectionViewDemo.framework in Frameworks */ = {isa = PBXBuildFile; fileRef = 5CBF8BC6570AAB30D07891CE /* Pods_UICollectionViewDemo.framework */; };
		183B6A8420DA7582009DFD93 /* Form6_0.m in Sources */ = {isa = PBXBuildFile; fileRef = 183B6A8320DA7582009DFD93 /* Form6_0.m */; };
		183B6A8720DA8CEC009DFD93 /* Form6_1.m in Sources */ = {isa = PBXBuildFile; fileRef = 183B6A8620DA8CEC009DFD93 /* Form6_1.m */; };
		183B6A8A20DA8D8D009DFD93 /* Form5_0.m in Sources */ = {isa = PBXBuildFile; fileRef = 183B6A8920DA8D8D009DFD93 /* Form5_0.m */; };
		183B6A8D20DA8EF2009DFD93 /* Form5_1.m in Sources */ = {isa = PBXBuildFile; fileRef = 183B6A8C20DA8EF2009DFD93 /* Form5_1.m */; };
		183B6A9020DA8F8D009DFD93 /* Form5_3.m in Sources */ = {isa = PBXBuildFile; fileRef = 183B6A8F20DA8F8D009DFD93 /* Form5_3.m */; };
		183B6A9320DA8FC0009DFD93 /* Form5_2.m in Sources */ = {isa = PBXBuildFile; fileRef = 183B6A9220DA8FC0009DFD93 /* Form5_2.m */; };
		183B6A9620DA911F009DFD93 /* Form4_0.m in Sources */ = {isa = PBXBuildFile; fileRef = 183B6A9520DA911F009DFD93 /* Form4_0.m */; };
		183B6A9920DA9141009DFD93 /* Form4_1.m in Sources */ = {isa = PBXBuildFile; fileRef = 183B6A9820DA9141009DFD93 /* Form4_1.m */; };
		183B6A9C20DA9155009DFD93 /* Form4_2.m in Sources */ = {isa = PBXBuildFile; fileRef = 183B6A9B20DA9155009DFD93 /* Form4_2.m */; };
		183B6A9F20DA9166009DFD93 /* Form4_3.m in Sources */ = {isa = PBXBuildFile; fileRef = 183B6A9E20DA9166009DFD93 /* Form4_3.m */; };
		183B6AA220DA9171009DFD93 /* Form4_4.m in Sources */ = {isa = PBXBuildFile; fileRef = 183B6AA120DA9171009DFD93 /* Form4_4.m */; };
		183B6AA520DA917E009DFD93 /* Form4_5.m in Sources */ = {isa = PBXBuildFile; fileRef = 183B6AA420DA917E009DFD93 /* Form4_5.m */; };
		183B6AA820DA918A009DFD93 /* Form4_6.m in Sources */ = {isa = PBXBuildFile; fileRef = 183B6AA720DA918A009DFD93 /* Form4_6.m */; };
		183B6AAB20DA9197009DFD93 /* Form4_7.m in Sources */ = {isa = PBXBuildFile; fileRef = 183B6AAA20DA9197009DFD93 /* Form4_7.m */; };
		183B6AAE20DA91A3009DFD93 /* Form4_8.m in Sources */ = {isa = PBXBuildFile; fileRef = 183B6AAD20DA91A3009DFD93 /* Form4_8.m */; };
		183B6AB120DA96B6009DFD93 /* Form3_0.m in Sources */ = {isa = PBXBuildFile; fileRef = 183B6AB020DA96B6009DFD93 /* Form3_0.m */; };
		183B6AB420DA96C6009DFD93 /* Form3_1.m in Sources */ = {isa = PBXBuildFile; fileRef = 183B6AB320DA96C6009DFD93 /* Form3_1.m */; };
		183B6AB720DA96D2009DFD93 /* Form3_2.m in Sources */ = {isa = PBXBuildFile; fileRef = 183B6AB620DA96D2009DFD93 /* Form3_2.m */; };
		183B6ABA20DA96DE009DFD93 /* Form3_3.m in Sources */ = {isa = PBXBuildFile; fileRef = 183B6AB920DA96DE009DFD93 /* Form3_3.m */; };
		183B6ABD20DA96E9009DFD93 /* Form3_4.m in Sources */ = {isa = PBXBuildFile; fileRef = 183B6ABC20DA96E9009DFD93 /* Form3_4.m */; };
		183B6AC020DA96F9009DFD93 /* Form3_5.m in Sources */ = {isa = PBXBuildFile; fileRef = 183B6ABF20DA96F9009DFD93 /* Form3_5.m */; };
		183B6AC320DA9704009DFD93 /* Form3_6.m in Sources */ = {isa = PBXBuildFile; fileRef = 183B6AC220DA9704009DFD93 /* Form3_6.m */; };
		183B6AC620DA9710009DFD93 /* Form3_7.m in Sources */ = {isa = PBXBuildFile; fileRef = 183B6AC520DA9710009DFD93 /* Form3_7.m */; };
		183B6AC920DA99E6009DFD93 /* Form2_0.m in Sources */ = {isa = PBXBuildFile; fileRef = 183B6AC820DA99E6009DFD93 /* Form2_0.m */; };
		183B6ACC20DA9A0F009DFD93 /* Form2_1.m in Sources */ = {isa = PBXBuildFile; fileRef = 183B6ACB20DA9A0F009DFD93 /* Form2_1.m */; };
		183B6ACF20DA9A1C009DFD93 /* Form2_2.m in Sources */ = {isa = PBXBuildFile; fileRef = 183B6ACE20DA9A1C009DFD93 /* Form2_2.m */; };
		183B6AD220DA9A26009DFD93 /* Form2_3.m in Sources */ = {isa = PBXBuildFile; fileRef = 183B6AD120DA9A26009DFD93 /* Form2_3.m */; };
		183B6AD520DA9A30009DFD93 /* Form2_4.m in Sources */ = {isa = PBXBuildFile; fileRef = 183B6AD420DA9A30009DFD93 /* Form2_4.m */; };
		183B6AD820DA9A39009DFD93 /* Form2_5.m in Sources */ = {isa = PBXBuildFile; fileRef = 183B6AD720DA9A39009DFD93 /* Form2_5.m */; };
		183B6ADB20DAB271009DFD93 /* ditorViewController.m in Sources */ = {isa = PBXBuildFile; fileRef = 183B6ADA20DAB271009DFD93 /* ditorViewController.m */; };
		CDE74BC220D89A1D00A01347 /* main.m in Sources */ = {isa = PBXBuildFile; fileRef = CDE74BC120D89A1D00A01347 /* main.m */; };
		CDE74BC520D89A1D00A01347 /* AppDelegate.m in Sources */ = {isa = PBXBuildFile; fileRef = CDE74BC420D89A1D00A01347 /* AppDelegate.m */; };
		CDE74BC820D89A1D00A01347 /* ViewController.m in Sources */ = {isa = PBXBuildFile; fileRef = CDE74BC720D89A1D00A01347 /* ViewController.m */; };
		CDE74BCB20D89A1D00A01347 /* Main.storyboard in Resources */ = {isa = PBXBuildFile; fileRef = CDE74BC920D89A1D00A01347 /* Main.storyboard */; };
		CDE74BCD20D89A1D00A01347 /* Assets.xcassets in Resources */ = {isa = PBXBuildFile; fileRef = CDE74BCC20D89A1D00A01347 /* Assets.xcassets */; };
		CDE74BD020D89A1D00A01347 /* LaunchScreen.storyboard in Resources */ = {isa = PBXBuildFile; fileRef = CDE74BCE20D89A1D00A01347 /* LaunchScreen.storyboard */; };
		CDE74BDA20D8A26400A01347 /* SimpleCollectionViewCell.m in Sources */ = {isa = PBXBuildFile; fileRef = CDE74BD920D8A26400A01347 /* SimpleCollectionViewCell.m */; };
		CDE74BDD20D8B1FD00A01347 /* SimpleCVLayoutAttr.m in Sources */ = {isa = PBXBuildFile; fileRef = CDE74BDC20D8B1FD00A01347 /* SimpleCVLayoutAttr.m */; };
		CDE74BE020D8E24500A01347 /* UIView+Extension.m in Sources */ = {isa = PBXBuildFile; fileRef = CDE74BDF20D8E24500A01347 /* UIView+Extension.m */; };
		CDE74BE220D8E4F500A01347 /* Form1.xib in Resources */ = {isa = PBXBuildFile; fileRef = CDE74BE120D8E4F500A01347 /* Form1.xib */; };
		CDE8A3D320D9DE3C00AB867D /* FormList.plist in Resources */ = {isa = PBXBuildFile; fileRef = CDE8A3D220D9DE3C00AB867D /* FormList.plist */; };
		CDE8A3D620D9E1F100AB867D /* FormBaseCell.m in Sources */ = {isa = PBXBuildFile; fileRef = CDE8A3D520D9E1F100AB867D /* FormBaseCell.m */; };
/* End PBXBuildFile section */

/* Begin PBXFileReference section */
		183B6A8220DA7582009DFD93 /* Form6_0.h */ = {isa = PBXFileReference; lastKnownFileType = sourcecode.c.h; path = Form6_0.h; sourceTree = "<group>"; };
		183B6A8320DA7582009DFD93 /* Form6_0.m */ = {isa = PBXFileReference; lastKnownFileType = sourcecode.c.objc; path = Form6_0.m; sourceTree = "<group>"; };
		183B6A8520DA8CEC009DFD93 /* Form6_1.h */ = {isa = PBXFileReference; lastKnownFileType = sourcecode.c.h; path = Form6_1.h; sourceTree = "<group>"; };
		183B6A8620DA8CEC009DFD93 /* Form6_1.m */ = {isa = PBXFileReference; lastKnownFileType = sourcecode.c.objc; path = Form6_1.m; sourceTree = "<group>"; };
		183B6A8820DA8D8D009DFD93 /* Form5_0.h */ = {isa = PBXFileReference; lastKnownFileType = sourcecode.c.h; path = Form5_0.h; sourceTree = "<group>"; };
		183B6A8920DA8D8D009DFD93 /* Form5_0.m */ = {isa = PBXFileReference; lastKnownFileType = sourcecode.c.objc; path = Form5_0.m; sourceTree = "<group>"; };
		183B6A8B20DA8EF2009DFD93 /* Form5_1.h */ = {isa = PBXFileReference; lastKnownFileType = sourcecode.c.h; path = Form5_1.h; sourceTree = "<group>"; };
		183B6A8C20DA8EF2009DFD93 /* Form5_1.m */ = {isa = PBXFileReference; lastKnownFileType = sourcecode.c.objc; path = Form5_1.m; sourceTree = "<group>"; };
		183B6A8E20DA8F8D009DFD93 /* Form5_3.h */ = {isa = PBXFileReference; lastKnownFileType = sourcecode.c.h; path = Form5_3.h; sourceTree = "<group>"; };
		183B6A8F20DA8F8D009DFD93 /* Form5_3.m */ = {isa = PBXFileReference; lastKnownFileType = sourcecode.c.objc; path = Form5_3.m; sourceTree = "<group>"; };
		183B6A9120DA8FC0009DFD93 /* Form5_2.h */ = {isa = PBXFileReference; lastKnownFileType = sourcecode.c.h; path = Form5_2.h; sourceTree = "<group>"; };
		183B6A9220DA8FC0009DFD93 /* Form5_2.m */ = {isa = PBXFileReference; lastKnownFileType = sourcecode.c.objc; path = Form5_2.m; sourceTree = "<group>"; };
		183B6A9420DA911F009DFD93 /* Form4_0.h */ = {isa = PBXFileReference; lastKnownFileType = sourcecode.c.h; path = Form4_0.h; sourceTree = "<group>"; };
		183B6A9520DA911F009DFD93 /* Form4_0.m */ = {isa = PBXFileReference; lastKnownFileType = sourcecode.c.objc; path = Form4_0.m; sourceTree = "<group>"; };
		183B6A9720DA9141009DFD93 /* Form4_1.h */ = {isa = PBXFileReference; lastKnownFileType = sourcecode.c.h; path = Form4_1.h; sourceTree = "<group>"; };
		183B6A9820DA9141009DFD93 /* Form4_1.m */ = {isa = PBXFileReference; lastKnownFileType = sourcecode.c.objc; path = Form4_1.m; sourceTree = "<group>"; };
		183B6A9A20DA9155009DFD93 /* Form4_2.h */ = {isa = PBXFileReference; lastKnownFileType = sourcecode.c.h; path = Form4_2.h; sourceTree = "<group>"; };
		183B6A9B20DA9155009DFD93 /* Form4_2.m */ = {isa = PBXFileReference; lastKnownFileType = sourcecode.c.objc; path = Form4_2.m; sourceTree = "<group>"; };
		183B6A9D20DA9166009DFD93 /* Form4_3.h */ = {isa = PBXFileReference; lastKnownFileType = sourcecode.c.h; path = Form4_3.h; sourceTree = "<group>"; };
		183B6A9E20DA9166009DFD93 /* Form4_3.m */ = {isa = PBXFileReference; lastKnownFileType = sourcecode.c.objc; path = Form4_3.m; sourceTree = "<group>"; };
		183B6AA020DA9171009DFD93 /* Form4_4.h */ = {isa = PBXFileReference; lastKnownFileType = sourcecode.c.h; path = Form4_4.h; sourceTree = "<group>"; };
		183B6AA120DA9171009DFD93 /* Form4_4.m */ = {isa = PBXFileReference; lastKnownFileType = sourcecode.c.objc; path = Form4_4.m; sourceTree = "<group>"; };
		183B6AA320DA917E009DFD93 /* Form4_5.h */ = {isa = PBXFileReference; lastKnownFileType = sourcecode.c.h; path = Form4_5.h; sourceTree = "<group>"; };
		183B6AA420DA917E009DFD93 /* Form4_5.m */ = {isa = PBXFileReference; lastKnownFileType = sourcecode.c.objc; path = Form4_5.m; sourceTree = "<group>"; };
		183B6AA620DA918A009DFD93 /* Form4_6.h */ = {isa = PBXFileReference; lastKnownFileType = sourcecode.c.h; path = Form4_6.h; sourceTree = "<group>"; };
		183B6AA720DA918A009DFD93 /* Form4_6.m */ = {isa = PBXFileReference; lastKnownFileType = sourcecode.c.objc; path = Form4_6.m; sourceTree = "<group>"; };
		183B6AA920DA9197009DFD93 /* Form4_7.h */ = {isa = PBXFileReference; lastKnownFileType = sourcecode.c.h; path = Form4_7.h; sourceTree = "<group>"; };
		183B6AAA20DA9197009DFD93 /* Form4_7.m */ = {isa = PBXFileReference; lastKnownFileType = sourcecode.c.objc; path = Form4_7.m; sourceTree = "<group>"; };
		183B6AAC20DA91A3009DFD93 /* Form4_8.h */ = {isa = PBXFileReference; lastKnownFileType = sourcecode.c.h; path = Form4_8.h; sourceTree = "<group>"; };
		183B6AAD20DA91A3009DFD93 /* Form4_8.m */ = {isa = PBXFileReference; lastKnownFileType = sourcecode.c.objc; path = Form4_8.m; sourceTree = "<group>"; };
		183B6AAF20DA96B6009DFD93 /* Form3_0.h */ = {isa = PBXFileReference; lastKnownFileType = sourcecode.c.h; path = Form3_0.h; sourceTree = "<group>"; };
		183B6AB020DA96B6009DFD93 /* Form3_0.m */ = {isa = PBXFileReference; lastKnownFileType = sourcecode.c.objc; path = Form3_0.m; sourceTree = "<group>"; };
		183B6AB220DA96C6009DFD93 /* Form3_1.h */ = {isa = PBXFileReference; lastKnownFileType = sourcecode.c.h; path = Form3_1.h; sourceTree = "<group>"; };
		183B6AB320DA96C6009DFD93 /* Form3_1.m */ = {isa = PBXFileReference; lastKnownFileType = sourcecode.c.objc; path = Form3_1.m; sourceTree = "<group>"; };
		183B6AB520DA96D2009DFD93 /* Form3_2.h */ = {isa = PBXFileReference; lastKnownFileType = sourcecode.c.h; path = Form3_2.h; sourceTree = "<group>"; };
		183B6AB620DA96D2009DFD93 /* Form3_2.m */ = {isa = PBXFileReference; lastKnownFileType = sourcecode.c.objc; path = Form3_2.m; sourceTree = "<group>"; };
		183B6AB820DA96DE009DFD93 /* Form3_3.h */ = {isa = PBXFileReference; lastKnownFileType = sourcecode.c.h; path = Form3_3.h; sourceTree = "<group>"; };
		183B6AB920DA96DE009DFD93 /* Form3_3.m */ = {isa = PBXFileReference; lastKnownFileType = sourcecode.c.objc; path = Form3_3.m; sourceTree = "<group>"; };
		183B6ABB20DA96E9009DFD93 /* Form3_4.h */ = {isa = PBXFileReference; lastKnownFileType = sourcecode.c.h; path = Form3_4.h; sourceTree = "<group>"; };
		183B6ABC20DA96E9009DFD93 /* Form3_4.m */ = {isa = PBXFileReference; lastKnownFileType = sourcecode.c.objc; path = Form3_4.m; sourceTree = "<group>"; };
		183B6ABE20DA96F9009DFD93 /* Form3_5.h */ = {isa = PBXFileReference; lastKnownFileType = sourcecode.c.h; path = Form3_5.h; sourceTree = "<group>"; };
		183B6ABF20DA96F9009DFD93 /* Form3_5.m */ = {isa = PBXFileReference; lastKnownFileType = sourcecode.c.objc; path = Form3_5.m; sourceTree = "<group>"; };
		183B6AC120DA9704009DFD93 /* Form3_6.h */ = {isa = PBXFileReference; lastKnownFileType = sourcecode.c.h; path = Form3_6.h; sourceTree = "<group>"; };
		183B6AC220DA9704009DFD93 /* Form3_6.m */ = {isa = PBXFileReference; lastKnownFileType = sourcecode.c.objc; path = Form3_6.m; sourceTree = "<group>"; };
		183B6AC420DA9710009DFD93 /* Form3_7.h */ = {isa = PBXFileReference; lastKnownFileType = sourcecode.c.h; path = Form3_7.h; sourceTree = "<group>"; };
		183B6AC520DA9710009DFD93 /* Form3_7.m */ = {isa = PBXFileReference; lastKnownFileType = sourcecode.c.objc; path = Form3_7.m; sourceTree = "<group>"; };
		183B6AC720DA99E6009DFD93 /* Form2_0.h */ = {isa = PBXFileReference; lastKnownFileType = sourcecode.c.h; path = Form2_0.h; sourceTree = "<group>"; };
		183B6AC820DA99E6009DFD93 /* Form2_0.m */ = {isa = PBXFileReference; lastKnownFileType = sourcecode.c.objc; path = Form2_0.m; sourceTree = "<group>"; };
		183B6ACA20DA9A0F009DFD93 /* Form2_1.h */ = {isa = PBXFileReference; lastKnownFileType = sourcecode.c.h; path = Form2_1.h; sourceTree = "<group>"; };
		183B6ACB20DA9A0F009DFD93 /* Form2_1.m */ = {isa = PBXFileReference; lastKnownFileType = sourcecode.c.objc; path = Form2_1.m; sourceTree = "<group>"; };
		183B6ACD20DA9A1C009DFD93 /* Form2_2.h */ = {isa = PBXFileReference; lastKnownFileType = sourcecode.c.h; path = Form2_2.h; sourceTree = "<group>"; };
		183B6ACE20DA9A1C009DFD93 /* Form2_2.m */ = {isa = PBXFileReference; lastKnownFileType = sourcecode.c.objc; path = Form2_2.m; sourceTree = "<group>"; };
		183B6AD020DA9A26009DFD93 /* Form2_3.h */ = {isa = PBXFileReference; lastKnownFileType = sourcecode.c.h; path = Form2_3.h; sourceTree = "<group>"; };
		183B6AD120DA9A26009DFD93 /* Form2_3.m */ = {isa = PBXFileReference; lastKnownFileType = sourcecode.c.objc; path = Form2_3.m; sourceTree = "<group>"; };
		183B6AD320DA9A2F009DFD93 /* Form2_4.h */ = {isa = PBXFileReference; lastKnownFileType = sourcecode.c.h; path = Form2_4.h; sourceTree = "<group>"; };
		183B6AD420DA9A30009DFD93 /* Form2_4.m */ = {isa = PBXFileReference; lastKnownFileType = sourcecode.c.objc; path = Form2_4.m; sourceTree = "<group>"; };
		183B6AD620DA9A39009DFD93 /* Form2_5.h */ = {isa = PBXFileReference; lastKnownFileType = sourcecode.c.h; path = Form2_5.h; sourceTree = "<group>"; };
		183B6AD720DA9A39009DFD93 /* Form2_5.m */ = {isa = PBXFileReference; lastKnownFileType = sourcecode.c.objc; path = Form2_5.m; sourceTree = "<group>"; };
		183B6AD920DAB271009DFD93 /* ditorViewController.h */ = {isa = PBXFileReference; lastKnownFileType = sourcecode.c.h; path = ditorViewController.h; sourceTree = "<group>"; };
		183B6ADA20DAB271009DFD93 /* ditorViewController.m */ = {isa = PBXFileReference; lastKnownFileType = sourcecode.c.objc; path = ditorViewController.m; sourceTree = "<group>"; };
		29648A003E6E50E2B18AC4C3 /* Pods-UICollectionViewDemo.debug.xcconfig */ = {isa = PBXFileReference; includeInIndex = 1; lastKnownFileType = text.xcconfig; name = "Pods-UICollectionViewDemo.debug.xcconfig"; path = "Pods/Target Support Files/Pods-UICollectionViewDemo/Pods-UICollectionViewDemo.debug.xcconfig"; sourceTree = "<group>"; };
		46E9A8123044195E87148D9B /* Pods-UICollectionViewDemo.release.xcconfig */ = {isa = PBXFileReference; includeInIndex = 1; lastKnownFileType = text.xcconfig; name = "Pods-UICollectionViewDemo.release.xcconfig"; path = "Pods/Target Support Files/Pods-UICollectionViewDemo/Pods-UICollectionViewDemo.release.xcconfig"; sourceTree = "<group>"; };
		5CBF8BC6570AAB30D07891CE /* Pods_UICollectionViewDemo.framework */ = {isa = PBXFileReference; explicitFileType = wrapper.framework; includeInIndex = 0; path = Pods_UICollectionViewDemo.framework; sourceTree = BUILT_PRODUCTS_DIR; };
		CDE74BBD20D89A1D00A01347 /* UICollectionViewDemo.app */ = {isa = PBXFileReference; explicitFileType = wrapper.application; includeInIndex = 0; path = UICollectionViewDemo.app; sourceTree = BUILT_PRODUCTS_DIR; };
		CDE74BC120D89A1D00A01347 /* main.m */ = {isa = PBXFileReference; lastKnownFileType = sourcecode.c.objc; path = main.m; sourceTree = "<group>"; };
		CDE74BC320D89A1D00A01347 /* AppDelegate.h */ = {isa = PBXFileReference; lastKnownFileType = sourcecode.c.h; path = AppDelegate.h; sourceTree = "<group>"; };
		CDE74BC420D89A1D00A01347 /* AppDelegate.m */ = {isa = PBXFileReference; lastKnownFileType = sourcecode.c.objc; path = AppDelegate.m; sourceTree = "<group>"; };
		CDE74BC620D89A1D00A01347 /* ViewController.h */ = {isa = PBXFileReference; lastKnownFileType = sourcecode.c.h; path = ViewController.h; sourceTree = "<group>"; };
		CDE74BC720D89A1D00A01347 /* ViewController.m */ = {isa = PBXFileReference; lastKnownFileType = sourcecode.c.objc; path = ViewController.m; sourceTree = "<group>"; };
		CDE74BCA20D89A1D00A01347 /* Base */ = {isa = PBXFileReference; lastKnownFileType = file.storyboard; name = Base; path = Base.lproj/Main.storyboard; sourceTree = "<group>"; };
		CDE74BCC20D89A1D00A01347 /* Assets.xcassets */ = {isa = PBXFileReference; lastKnownFileType = folder.assetcatalog; path = Assets.xcassets; sourceTree = "<group>"; };
		CDE74BCF20D89A1D00A01347 /* Base */ = {isa = PBXFileReference; lastKnownFileType = file.storyboard; name = Base; path = Base.lproj/LaunchScreen.storyboard; sourceTree = "<group>"; };
		CDE74BD120D89A1D00A01347 /* Info.plist */ = {isa = PBXFileReference; lastKnownFileType = text.plist.xml; path = Info.plist; sourceTree = "<group>"; };
		CDE74BD820D8A26400A01347 /* SimpleCollectionViewCell.h */ = {isa = PBXFileReference; fileEncoding = 4; lastKnownFileType = sourcecode.c.h; path = SimpleCollectionViewCell.h; sourceTree = "<group>"; };
		CDE74BD920D8A26400A01347 /* SimpleCollectionViewCell.m */ = {isa = PBXFileReference; fileEncoding = 4; lastKnownFileType = sourcecode.c.objc; path = SimpleCollectionViewCell.m; sourceTree = "<group>"; };
		CDE74BDB20D8B1FD00A01347 /* SimpleCVLayoutAttr.h */ = {isa = PBXFileReference; fileEncoding = 4; lastKnownFileType = sourcecode.c.h; path = SimpleCVLayoutAttr.h; sourceTree = "<group>"; };
		CDE74BDC20D8B1FD00A01347 /* SimpleCVLayoutAttr.m */ = {isa = PBXFileReference; fileEncoding = 4; lastKnownFileType = sourcecode.c.objc; path = SimpleCVLayoutAttr.m; sourceTree = "<group>"; };
		CDE74BDE20D8E24500A01347 /* UIView+Extension.h */ = {isa = PBXFileReference; fileEncoding = 4; lastKnownFileType = sourcecode.c.h; path = "UIView+Extension.h"; sourceTree = "<group>"; };
		CDE74BDF20D8E24500A01347 /* UIView+Extension.m */ = {isa = PBXFileReference; fileEncoding = 4; lastKnownFileType = sourcecode.c.objc; path = "UIView+Extension.m"; sourceTree = "<group>"; };
		CDE74BE120D8E4F500A01347 /* Form1.xib */ = {isa = PBXFileReference; fileEncoding = 4; lastKnownFileType = file.xib; path = Form1.xib; sourceTree = "<group>"; };
		CDE8A3D220D9DE3C00AB867D /* FormList.plist */ = {isa = PBXFileReference; lastKnownFileType = text.plist.xml; path = FormList.plist; sourceTree = "<group>"; };
		CDE8A3D420D9E1F100AB867D /* FormBaseCell.h */ = {isa = PBXFileReference; lastKnownFileType = sourcecode.c.h; path = FormBaseCell.h; sourceTree = "<group>"; };
		CDE8A3D520D9E1F100AB867D /* FormBaseCell.m */ = {isa = PBXFileReference; lastKnownFileType = sourcecode.c.objc; path = FormBaseCell.m; sourceTree = "<group>"; };
/* End PBXFileReference section */

/* Begin PBXFrameworksBuildPhase section */
		CDE74BBA20D89A1D00A01347 /* Frameworks */ = {
			isa = PBXFrameworksBuildPhase;
			buildActionMask = 2147483647;
			files = (
				0CB7CF4E5FFE8F5C4651C4AA /* Pods_UICollectionViewDemo.framework in Frameworks */,
			);
			runOnlyForDeploymentPostprocessing = 0;
		};
/* End PBXFrameworksBuildPhase section */

/* Begin PBXGroup section */
		183B6A7C20DA7551009DFD93 /* Forms */ = {
			isa = PBXGroup;
			children = (
				183B6A7D20DA7551009DFD93 /* Form2 */,
				183B6A7E20DA7551009DFD93 /* Form3 */,
				183B6A8120DA7551009DFD93 /* From4 */,
				183B6A7F20DA7551009DFD93 /* Form5 */,
				183B6A8020DA7551009DFD93 /* Form6 */,
			);
			path = Forms;
			sourceTree = "<group>";
		};
		183B6A7D20DA7551009DFD93 /* Form2 */ = {
			isa = PBXGroup;
			children = (
				183B6AC720DA99E6009DFD93 /* Form2_0.h */,
				183B6AC820DA99E6009DFD93 /* Form2_0.m */,
				183B6ACA20DA9A0F009DFD93 /* Form2_1.h */,
				183B6ACB20DA9A0F009DFD93 /* Form2_1.m */,
				183B6ACD20DA9A1C009DFD93 /* Form2_2.h */,
				183B6ACE20DA9A1C009DFD93 /* Form2_2.m */,
				183B6AD020DA9A26009DFD93 /* Form2_3.h */,
				183B6AD120DA9A26009DFD93 /* Form2_3.m */,
				183B6AD320DA9A2F009DFD93 /* Form2_4.h */,
				183B6AD420DA9A30009DFD93 /* Form2_4.m */,
				183B6AD620DA9A39009DFD93 /* Form2_5.h */,
				183B6AD720DA9A39009DFD93 /* Form2_5.m */,
			);
			path = Form2;
			sourceTree = "<group>";
		};
		183B6A7E20DA7551009DFD93 /* Form3 */ = {
			isa = PBXGroup;
			children = (
				183B6AAF20DA96B6009DFD93 /* Form3_0.h */,
				183B6AB020DA96B6009DFD93 /* Form3_0.m */,
				183B6AB220DA96C6009DFD93 /* Form3_1.h */,
				183B6AB320DA96C6009DFD93 /* Form3_1.m */,
				183B6AB520DA96D2009DFD93 /* Form3_2.h */,
				183B6AB620DA96D2009DFD93 /* Form3_2.m */,
				183B6AB820DA96DE009DFD93 /* Form3_3.h */,
				183B6AB920DA96DE009DFD93 /* Form3_3.m */,
				183B6ABB20DA96E9009DFD93 /* Form3_4.h */,
				183B6ABC20DA96E9009DFD93 /* Form3_4.m */,
				183B6ABE20DA96F9009DFD93 /* Form3_5.h */,
				183B6ABF20DA96F9009DFD93 /* Form3_5.m */,
				183B6AC120DA9704009DFD93 /* Form3_6.h */,
				183B6AC220DA9704009DFD93 /* Form3_6.m */,
				183B6AC420DA9710009DFD93 /* Form3_7.h */,
				183B6AC520DA9710009DFD93 /* Form3_7.m */,
			);
			path = Form3;
			sourceTree = "<group>";
		};
		183B6A7F20DA7551009DFD93 /* Form5 */ = {
			isa = PBXGroup;
			children = (
				183B6A8820DA8D8D009DFD93 /* Form5_0.h */,
				183B6A8920DA8D8D009DFD93 /* Form5_0.m */,
				183B6A8B20DA8EF2009DFD93 /* Form5_1.h */,
				183B6A8C20DA8EF2009DFD93 /* Form5_1.m */,
				183B6A9120DA8FC0009DFD93 /* Form5_2.h */,
				183B6A9220DA8FC0009DFD93 /* Form5_2.m */,
				183B6A8E20DA8F8D009DFD93 /* Form5_3.h */,
				183B6A8F20DA8F8D009DFD93 /* Form5_3.m */,
			);
			path = Form5;
			sourceTree = "<group>";
		};
		183B6A8020DA7551009DFD93 /* Form6 */ = {
			isa = PBXGroup;
			children = (
				183B6A8220DA7582009DFD93 /* Form6_0.h */,
				183B6A8320DA7582009DFD93 /* Form6_0.m */,
				183B6A8520DA8CEC009DFD93 /* Form6_1.h */,
				183B6A8620DA8CEC009DFD93 /* Form6_1.m */,
			);
			path = Form6;
			sourceTree = "<group>";
		};
		183B6A8120DA7551009DFD93 /* From4 */ = {
			isa = PBXGroup;
			children = (
				183B6A9420DA911F009DFD93 /* Form4_0.h */,
				183B6A9520DA911F009DFD93 /* Form4_0.m */,
				183B6A9720DA9141009DFD93 /* Form4_1.h */,
				183B6A9820DA9141009DFD93 /* Form4_1.m */,
				183B6A9A20DA9155009DFD93 /* Form4_2.h */,
				183B6A9B20DA9155009DFD93 /* Form4_2.m */,
				183B6A9D20DA9166009DFD93 /* Form4_3.h */,
				183B6A9E20DA9166009DFD93 /* Form4_3.m */,
				183B6AA020DA9171009DFD93 /* Form4_4.h */,
				183B6AA120DA9171009DFD93 /* Form4_4.m */,
				183B6AA320DA917E009DFD93 /* Form4_5.h */,
				183B6AA420DA917E009DFD93 /* Form4_5.m */,
				183B6AA620DA918A009DFD93 /* Form4_6.h */,
				183B6AA720DA918A009DFD93 /* Form4_6.m */,
				183B6AA920DA9197009DFD93 /* Form4_7.h */,
				183B6AAA20DA9197009DFD93 /* Form4_7.m */,
				183B6AAC20DA91A3009DFD93 /* Form4_8.h */,
				183B6AAD20DA91A3009DFD93 /* Form4_8.m */,
			);
			path = From4;
			sourceTree = "<group>";
		};
		1ECEEDC3BC704C29F8BB965B /* Pods */ = {
			isa = PBXGroup;
			children = (
				29648A003E6E50E2B18AC4C3 /* Pods-UICollectionViewDemo.debug.xcconfig */,
				46E9A8123044195E87148D9B /* Pods-UICollectionViewDemo.release.xcconfig */,
			);
			name = Pods;
			sourceTree = "<group>";
		};
		2DC362D5D0467797CD3B8971 /* Frameworks */ = {
			isa = PBXGroup;
			children = (
				5CBF8BC6570AAB30D07891CE /* Pods_UICollectionViewDemo.framework */,
			);
			name = Frameworks;
			sourceTree = "<group>";
		};
		CDE74BB420D89A1D00A01347 = {
			isa = PBXGroup;
			children = (
				CDE74BBF20D89A1D00A01347 /* UICollectionViewDemo */,
				CDE74BBE20D89A1D00A01347 /* Products */,
				1ECEEDC3BC704C29F8BB965B /* Pods */,
				2DC362D5D0467797CD3B8971 /* Frameworks */,
			);
			sourceTree = "<group>";
		};
		CDE74BBE20D89A1D00A01347 /* Products */ = {
			isa = PBXGroup;
			children = (
				CDE74BBD20D89A1D00A01347 /* UICollectionViewDemo.app */,
			);
			name = Products;
			sourceTree = "<group>";
		};
		CDE74BBF20D89A1D00A01347 /* UICollectionViewDemo */ = {
			isa = PBXGroup;
			children = (
				CDE74BC320D89A1D00A01347 /* AppDelegate.h */,
				CDE74BC420D89A1D00A01347 /* AppDelegate.m */,
				CDE74BC620D89A1D00A01347 /* ViewController.h */,
				CDE74BC720D89A1D00A01347 /* ViewController.m */,
				183B6AD920DAB271009DFD93 /* ditorViewController.h */,
				183B6ADA20DAB271009DFD93 /* ditorViewController.m */,
				CDE8A3D420D9E1F100AB867D /* FormBaseCell.h */,
				CDE8A3D520D9E1F100AB867D /* FormBaseCell.m */,
				183B6A7C20DA7551009DFD93 /* Forms */,
				CDE74BD820D8A26400A01347 /* SimpleCollectionViewCell.h */,
				CDE74BD920D8A26400A01347 /* SimpleCollectionViewCell.m */,
				CDE8A3D220D9DE3C00AB867D /* FormList.plist */,
				CDE74BE120D8E4F500A01347 /* Form1.xib */,
				CDE74BDB20D8B1FD00A01347 /* SimpleCVLayoutAttr.h */,
				CDE74BDC20D8B1FD00A01347 /* SimpleCVLayoutAttr.m */,
				CDE74BDE20D8E24500A01347 /* UIView+Extension.h */,
				CDE74BDF20D8E24500A01347 /* UIView+Extension.m */,
				CDE74BC920D89A1D00A01347 /* Main.storyboard */,
				CDE74BCC20D89A1D00A01347 /* Assets.xcassets */,
				CDE74BCE20D89A1D00A01347 /* LaunchScreen.storyboard */,
				CDE74BD120D89A1D00A01347 /* Info.plist */,
				CDE74BC020D89A1D00A01347 /* Supporting Files */,
			);
			path = UICollectionViewDemo;
			sourceTree = "<group>";
		};
		CDE74BC020D89A1D00A01347 /* Supporting Files */ = {
			isa = PBXGroup;
			children = (
				CDE74BC120D89A1D00A01347 /* main.m */,
			);
			name = "Supporting Files";
			sourceTree = "<group>";
		};
/* End PBXGroup section */

/* Begin PBXNativeTarget section */
		CDE74BBC20D89A1D00A01347 /* UICollectionViewDemo */ = {
			isa = PBXNativeTarget;
			buildConfigurationList = CDE74BD420D89A1E00A01347 /* Build configuration list for PBXNativeTarget "UICollectionViewDemo" */;
			buildPhases = (
				CF5F84F78FCBCBC3DDD2EE4E /* [CP] Check Pods Manifest.lock */,
				CDE74BB920D89A1D00A01347 /* Sources */,
				CDE74BBA20D89A1D00A01347 /* Frameworks */,
				CDE74BBB20D89A1D00A01347 /* Resources */,
				ADD70F18C266B2A9161FDDCB /* [CP] Embed Pods Frameworks */,
			);
			buildRules = (
			);
			dependencies = (
			);
			name = UICollectionViewDemo;
			productName = UICollectionViewDemo;
			productReference = CDE74BBD20D89A1D00A01347 /* UICollectionViewDemo.app */;
			productType = "com.apple.product-type.application";
		};
/* End PBXNativeTarget section */

/* Begin PBXProject section */
		CDE74BB520D89A1D00A01347 /* Project object */ = {
			isa = PBXProject;
			attributes = {
				LastUpgradeCheck = 0830;
				ORGANIZATIONNAME = KobeLuo;
				TargetAttributes = {
					CDE74BBC20D89A1D00A01347 = {
						CreatedOnToolsVersion = 8.3.3;
						ProvisioningStyle = Automatic;
					};
				};
			};
			buildConfigurationList = CDE74BB820D89A1D00A01347 /* Build configuration list for PBXProject "UICollectionViewDemo" */;
			compatibilityVersion = "Xcode 3.2";
			developmentRegion = English;
			hasScannedForEncodings = 0;
			knownRegions = (
				en,
				Base,
			);
			mainGroup = CDE74BB420D89A1D00A01347;
			productRefGroup = CDE74BBE20D89A1D00A01347 /* Products */;
			projectDirPath = "";
			projectRoot = "";
			targets = (
				CDE74BBC20D89A1D00A01347 /* UICollectionViewDemo */,
			);
		};
/* End PBXProject section */

/* Begin PBXResourcesBuildPhase section */
		CDE74BBB20D89A1D00A01347 /* Resources */ = {
			isa = PBXResourcesBuildPhase;
			buildActionMask = 2147483647;
			files = (
				CDE8A3D320D9DE3C00AB867D /* FormList.plist in Resources */,
				CDE74BD020D89A1D00A01347 /* LaunchScreen.storyboard in Resources */,
				CDE74BCD20D89A1D00A01347 /* Assets.xcassets in Resources */,
				CDE74BCB20D89A1D00A01347 /* Main.storyboard in Resources */,
				CDE74BE220D8E4F500A01347 /* Form1.xib in Resources */,
			);
			runOnlyForDeploymentPostprocessing = 0;
		};
/* End PBXResourcesBuildPhase section */

/* Begin PBXShellScriptBuildPhase section */
		ADD70F18C266B2A9161FDDCB /* [CP] Embed Pods Frameworks */ = {
			isa = PBXShellScriptBuildPhase;
			buildActionMask = 2147483647;
			files = (
			);
			inputPaths = (
				"${SRCROOT}/Pods/Target Support Files/Pods-UICollectionViewDemo/Pods-UICollectionViewDemo-frameworks.sh",
				"${BUILT_PRODUCTS_DIR}/Masonry/Masonry.framework",
			);
			name = "[CP] Embed Pods Frameworks";
			outputPaths = (
				"${TARGET_BUILD_DIR}/${FRAMEWORKS_FOLDER_PATH}/Masonry.framework",
			);
			runOnlyForDeploymentPostprocessing = 0;
			shellPath = /bin/sh;
			shellScript = "\"${SRCROOT}/Pods/Target Support Files/Pods-UICollectionViewDemo/Pods-UICollectionViewDemo-frameworks.sh\"\n";
			showEnvVarsInLog = 0;
		};
		CF5F84F78FCBCBC3DDD2EE4E /* [CP] Check Pods Manifest.lock */ = {
			isa = PBXShellScriptBuildPhase;
			buildActionMask = 2147483647;
			files = (
			);
			inputPaths = (
				"${PODS_PODFILE_DIR_PATH}/Podfile.lock",
				"${PODS_ROOT}/Manifest.lock",
			);
			name = "[CP] Check Pods Manifest.lock";
			outputPaths = (
				"$(DERIVED_FILE_DIR)/Pods-UICollectionViewDemo-checkManifestLockResult.txt",
			);
			runOnlyForDeploymentPostprocessing = 0;
			shellPath = /bin/sh;
			shellScript = "diff \"${PODS_PODFILE_DIR_PATH}/Podfile.lock\" \"${PODS_ROOT}/Manifest.lock\" > /dev/null\nif [ $? != 0 ] ; then\n    # print error to STDERR\n    echo \"error: The sandbox is not in sync with the Podfile.lock. Run 'pod install' or update your CocoaPods installation.\" >&2\n    exit 1\nfi\n# This output is used by Xcode 'outputs' to avoid re-running this script phase.\necho \"SUCCESS\" > \"${SCRIPT_OUTPUT_FILE_0}\"\n";
			showEnvVarsInLog = 0;
		};
/* End PBXShellScriptBuildPhase section */

/* Begin PBXSourcesBuildPhase section */
		CDE74BB920D89A1D00A01347 /* Sources */ = {
			isa = PBXSourcesBuildPhase;
			buildActionMask = 2147483647;
			files = (
				183B6A8D20DA8EF2009DFD93 /* Form5_1.m in Sources */,
				183B6AA220DA9171009DFD93 /* Form4_4.m in Sources */,
				CDE74BE020D8E24500A01347 /* UIView+Extension.m in Sources */,
				183B6ABA20DA96DE009DFD93 /* Form3_3.m in Sources */,
				183B6A8720DA8CEC009DFD93 /* Form6_1.m in Sources */,
				183B6ADB20DAB271009DFD93 /* ditorViewController.m in Sources */,
				CDE74BC820D89A1D00A01347 /* ViewController.m in Sources */,
				CDE74BDD20D8B1FD00A01347 /* SimpleCVLayoutAttr.m in Sources */,
				183B6AC620DA9710009DFD93 /* Form3_7.m in Sources */,
				183B6AC020DA96F9009DFD93 /* Form3_5.m in Sources */,
				183B6AB120DA96B6009DFD93 /* Form3_0.m in Sources */,
				183B6AD820DA9A39009DFD93 /* Form2_5.m in Sources */,
				183B6A8A20DA8D8D009DFD93 /* Form5_0.m in Sources */,
				CDE74BC520D89A1D00A01347 /* AppDelegate.m in Sources */,
				183B6ABD20DA96E9009DFD93 /* Form3_4.m in Sources */,
				183B6A9F20DA9166009DFD93 /* Form4_3.m in Sources */,
				183B6AC320DA9704009DFD93 /* Form3_6.m in Sources */,
				183B6AA520DA917E009DFD93 /* Form4_5.m in Sources */,
				183B6ACF20DA9A1C009DFD93 /* Form2_2.m in Sources */,
				183B6A9020DA8F8D009DFD93 /* Form5_3.m in Sources */,
				CDE74BDA20D8A26400A01347 /* SimpleCollectionViewCell.m in Sources */,
				183B6A8420DA7582009DFD93 /* Form6_0.m in Sources */,
				183B6AAB20DA9197009DFD93 /* Form4_7.m in Sources */,
				183B6AA820DA918A009DFD93 /* Form4_6.m in Sources */,
				183B6AAE20DA91A3009DFD93 /* Form4_8.m in Sources */,
				183B6AD520DA9A30009DFD93 /* Form2_4.m in Sources */,
				CDE8A3D620D9E1F100AB867D /* FormBaseCell.m in Sources */,
				183B6A9320DA8FC0009DFD93 /* Form5_2.m in Sources */,
				183B6AB420DA96C6009DFD93 /* Form3_1.m in Sources */,
				CDE74BC220D89A1D00A01347 /* main.m in Sources */,
				183B6ACC20DA9A0F009DFD93 /* Form2_1.m in Sources */,
				183B6A9C20DA9155009DFD93 /* Form4_2.m in Sources */,
				183B6AB720DA96D2009DFD93 /* Form3_2.m in Sources */,
				183B6AD220DA9A26009DFD93 /* Form2_3.m in Sources */,
				183B6A9920DA9141009DFD93 /* Form4_1.m in Sources */,
				183B6AC920DA99E6009DFD93 /* Form2_0.m in Sources */,
				183B6A9620DA911F009DFD93 /* Form4_0.m in Sources */,
			);
			runOnlyForDeploymentPostprocessing = 0;
		};
/* End PBXSourcesBuildPhase section */

/* Begin PBXVariantGroup section */
		CDE74BC920D89A1D00A01347 /* Main.storyboard */ = {
			isa = PBXVariantGroup;
			children = (
				CDE74BCA20D89A1D00A01347 /* Base */,
			);
			name = Main.storyboard;
			sourceTree = "<group>";
		};
		CDE74BCE20D89A1D00A01347 /* LaunchScreen.storyboard */ = {
			isa = PBXVariantGroup;
			children = (
				CDE74BCF20D89A1D00A01347 /* Base */,
			);
			name = LaunchScreen.storyboard;
			sourceTree = "<group>";
		};
/* End PBXVariantGroup section */

/* Begin XCBuildConfiguration section */
		CDE74BD220D89A1E00A01347 /* Debug */ = {
			isa = XCBuildConfiguration;
			buildSettings = {
				ALWAYS_SEARCH_USER_PATHS = NO;
				CLANG_ANALYZER_NONNULL = YES;
				CLANG_ANALYZER_NUMBER_OBJECT_CONVERSION = YES_AGGRESSIVE;
				CLANG_CXX_LANGUAGE_STANDARD = "gnu++0x";
				CLANG_CXX_LIBRARY = "libc++";
				CLANG_ENABLE_MODULES = YES;
				CLANG_ENABLE_OBJC_ARC = YES;
				CLANG_WARN_BOOL_CONVERSION = YES;
				CLANG_WARN_CONSTANT_CONVERSION = YES;
				CLANG_WARN_DIRECT_OBJC_ISA_USAGE = YES_ERROR;
				CLANG_WARN_DOCUMENTATION_COMMENTS = YES;
				CLANG_WARN_EMPTY_BODY = YES;
				CLANG_WARN_ENUM_CONVERSION = YES;
				CLANG_WARN_INFINITE_RECURSION = YES;
				CLANG_WARN_INT_CONVERSION = YES;
				CLANG_WARN_OBJC_ROOT_CLASS = YES_ERROR;
				CLANG_WARN_SUSPICIOUS_MOVE = YES;
				CLANG_WARN_UNREACHABLE_CODE = YES;
				CLANG_WARN__DUPLICATE_METHOD_MATCH = YES;
				"CODE_SIGN_IDENTITY[sdk=iphoneos*]" = "iPhone Developer";
				COPY_PHASE_STRIP = NO;
				DEBUG_INFORMATION_FORMAT = dwarf;
				ENABLE_STRICT_OBJC_MSGSEND = YES;
				ENABLE_TESTABILITY = YES;
				GCC_C_LANGUAGE_STANDARD = gnu99;
				GCC_DYNAMIC_NO_PIC = NO;
				GCC_NO_COMMON_BLOCKS = YES;
				GCC_OPTIMIZATION_LEVEL = 0;
				GCC_PREPROCESSOR_DEFINITIONS = (
					"DEBUG=1",
					"$(inherited)",
				);
				GCC_WARN_64_TO_32_BIT_CONVERSION = YES;
				GCC_WARN_ABOUT_RETURN_TYPE = YES_ERROR;
				GCC_WARN_UNDECLARED_SELECTOR = YES;
				GCC_WARN_UNINITIALIZED_AUTOS = YES_AGGRESSIVE;
				GCC_WARN_UNUSED_FUNCTION = YES;
				GCC_WARN_UNUSED_VARIABLE = YES;
				IPHONEOS_DEPLOYMENT_TARGET = 10.3;
				MTL_ENABLE_DEBUG_INFO = YES;
				ONLY_ACTIVE_ARCH = YES;
				SDKROOT = iphoneos;
			};
			name = Debug;
		};
		CDE74BD320D89A1E00A01347 /* Release */ = {
			isa = XCBuildConfiguration;
			buildSettings = {
				ALWAYS_SEARCH_USER_PATHS = NO;
				CLANG_ANALYZER_NONNULL = YES;
				CLANG_ANALYZER_NUMBER_OBJECT_CONVERSION = YES_AGGRESSIVE;
				CLANG_CXX_LANGUAGE_STANDARD = "gnu++0x";
				CLANG_CXX_LIBRARY = "libc++";
				CLANG_ENABLE_MODULES = YES;
				CLANG_ENABLE_OBJC_ARC = YES;
				CLANG_WARN_BOOL_CONVERSION = YES;
				CLANG_WARN_CONSTANT_CONVERSION = YES;
				CLANG_WARN_DIRECT_OBJC_ISA_USAGE = YES_ERROR;
				CLANG_WARN_DOCUMENTATION_COMMENTS = YES;
				CLANG_WARN_EMPTY_BODY = YES;
				CLANG_WARN_ENUM_CONVERSION = YES;
				CLANG_WARN_INFINITE_RECURSION = YES;
				CLANG_WARN_INT_CONVERSION = YES;
				CLANG_WARN_OBJC_ROOT_CLASS = YES_ERROR;
				CLANG_WARN_SUSPICIOUS_MOVE = YES;
				CLANG_WARN_UNREACHABLE_CODE = YES;
				CLANG_WARN__DUPLICATE_METHOD_MATCH = YES;
				"CODE_SIGN_IDENTITY[sdk=iphoneos*]" = "iPhone Developer";
				COPY_PHASE_STRIP = NO;
				DEBUG_INFORMATION_FORMAT = "dwarf-with-dsym";
				ENABLE_NS_ASSERTIONS = NO;
				ENABLE_STRICT_OBJC_MSGSEND = YES;
				GCC_C_LANGUAGE_STANDARD = gnu99;
				GCC_NO_COMMON_BLOCKS = YES;
				GCC_WARN_64_TO_32_BIT_CONVERSION = YES;
				GCC_WARN_ABOUT_RETURN_TYPE = YES_ERROR;
				GCC_WARN_UNDECLARED_SELECTOR = YES;
				GCC_WARN_UNINITIALIZED_AUTOS = YES_AGGRESSIVE;
				GCC_WARN_UNUSED_FUNCTION = YES;
				GCC_WARN_UNUSED_VARIABLE = YES;
				IPHONEOS_DEPLOYMENT_TARGET = 10.3;
				MTL_ENABLE_DEBUG_INFO = NO;
				SDKROOT = iphoneos;
				VALIDATE_PRODUCT = YES;
			};
			name = Release;
		};
		CDE74BD520D89A1E00A01347 /* Debug */ = {
			isa = XCBuildConfiguration;
			baseConfigurationReference = 29648A003E6E50E2B18AC4C3 /* Pods-UICollectionViewDemo.debug.xcconfig */;
			buildSettings = {
				ASSETCATALOG_COMPILER_APPICON_NAME = AppIcon;
				INFOPLIST_FILE = UICollectionViewDemo/Info.plist;
				LD_RUNPATH_SEARCH_PATHS = "$(inherited) @executable_path/Frameworks";
				PRODUCT_BUNDLE_IDENTIFIER = com.ndrive.works.UICollectionViewDemo;
				PRODUCT_NAME = "$(TARGET_NAME)";
			};
			name = Debug;
		};
		CDE74BD620D89A1E00A01347 /* Release */ = {
			isa = XCBuildConfiguration;
			baseConfigurationReference = 46E9A8123044195E87148D9B /* Pods-UICollectionViewDemo.release.xcconfig */;
			buildSettings = {
				ASSETCATALOG_COMPILER_APPICON_NAME = AppIcon;
				INFOPLIST_FILE = UICollectionViewDemo/Info.plist;
				LD_RUNPATH_SEARCH_PATHS = "$(inherited) @executable_path/Frameworks";
				PRODUCT_BUNDLE_IDENTIFIER = com.ndrive.works.UICollectionViewDemo;
				PRODUCT_NAME = "$(TARGET_NAME)";
			};
			name = Release;
		};
/* End XCBuildConfiguration section */

/* Begin XCConfigurationList section */
		CDE74BB820D89A1D00A01347 /* Build configuration list for PBXProject "UICollectionViewDemo" */ = {
			isa = XCConfigurationList;
			buildConfigurations = (
				CDE74BD220D89A1E00A01347 /* Debug */,
				CDE74BD320D89A1E00A01347 /* Release */,
			);
			defaultConfigurationIsVisible = 0;
			defaultConfigurationName = Release;
		};
		CDE74BD420D89A1E00A01347 /* Build configuration list for PBXNativeTarget "UICollectionViewDemo" */ = {
			isa = XCConfigurationList;
			buildConfigurations = (
				CDE74BD520D89A1E00A01347 /* Debug */,
				CDE74BD620D89A1E00A01347 /* Release */,
			);
			defaultConfigurationIsVisible = 0;
			defaultConfigurationName = Release;
		};
/* End XCConfigurationList section */
	};
	rootObject = CDE74BB520D89A1D00A01347 /* Project object */;
}
