// !$*UTF8*$!
{
	archiveVersion = 1;
	classes = {
	};
	objectVersion = 50;
	objects = {

/* Begin PBXBuildFile section */
		4AD8505D2192E88400B36B68 /* AppDelegate.swift in Sources */ = {isa = PBXBuildFile; fileRef = 4AD8505C2192E88400B36B68 /* AppDelegate.swift */; };
		4AD8505F2192E88400B36B68 /* ViewController.swift in Sources */ = {isa = PBXBuildFile; fileRef = 4AD8505E2192E88400B36B68 /* ViewController.swift */; };
		4AD850612192E88500B36B68 /* Assets.xcassets in Resources */ = {isa = PBXBuildFile; fileRef = 4AD850602192E88500B36B68 /* Assets.xcassets */; };
		4AD850642192E88500B36B68 /* Main.storyboard in Resources */ = {isa = PBXBuildFile; fileRef = 4AD850622192E88500B36B68 /* Main.storyboard */; };
		4AD850702192E88500B36B68 /* OSLockCompareDemoTests.swift in Sources */ = {isa = PBXBuildFile; fileRef = 4AD8506F2192E88500B36B68 /* OSLockCompareDemoTests.swift */; };
		4AD8507B2192E88500B36B68 /* OSLockCompareDemoUITests.swift in Sources */ = {isa = PBXBuildFile; fileRef = 4AD8507A2192E88500B36B68 /* OSLockCompareDemoUITests.swift */; };
		4AD850892192E8A800B36B68 /* OSLockCompare.swift in Sources */ = {isa = PBXBuildFile; fileRef = 4AD850882192E8A800B36B68 /* OSLockCompare.swift */; };
/* End PBXBuildFile section */

/* Begin PBXContainerItemProxy section */
		4AD8506C2192E88500B36B68 /* PBXContainerItemProxy */ = {
			isa = PBXContainerItemProxy;
			containerPortal = 4AD850512192E88400B36B68 /* Project object */;
			proxyType = 1;
			remoteGlobalIDString = 4AD850582192E88400B36B68;
			remoteInfo = OSLockCompareDemo;
		};
		4AD850772192E88500B36B68 /* PBXContainerItemProxy */ = {
			isa = PBXContainerItemProxy;
			containerPortal = 4AD850512192E88400B36B68 /* Project object */;
			proxyType = 1;
			remoteGlobalIDString = 4AD850582192E88400B36B68;
			remoteInfo = OSLockCompareDemo;
		};
/* End PBXContainerItemProxy section */

/* Begin PBXFileReference section */
		4AD850592192E88400B36B68 /* OSLockCompareDemo.app */ = {isa = PBXFileReference; explicitFileType = wrapper.application; includeInIndex = 0; path = OSLockCompareDemo.app; sourceTree = BUILT_PRODUCTS_DIR; };
		4AD8505C2192E88400B36B68 /* AppDelegate.swift */ = {isa = PBXFileReference; lastKnownFileType = sourcecode.swift; path = AppDelegate.swift; sourceTree = "<group>"; };
		4AD8505E2192E88400B36B68 /* ViewController.swift */ = {isa = PBXFileReference; lastKnownFileType = sourcecode.swift; path = ViewController.swift; sourceTree = "<group>"; };
		4AD850602192E88500B36B68 /* Assets.xcassets */ = {isa = PBXFileReference; lastKnownFileType = folder.assetcatalog; path = Assets.xcassets; sourceTree = "<group>"; };
		4AD850632192E88500B36B68 /* Base */ = {isa = PBXFileReference; lastKnownFileType = file.storyboard; name = Base; path = Base.lproj/Main.storyboard; sourceTree = "<group>"; };
		4AD850652192E88500B36B68 /* Info.plist */ = {isa = PBXFileReference; lastKnownFileType = text.plist.xml; path = Info.plist; sourceTree = "<group>"; };
		4AD850662192E88500B36B68 /* OSLockCompareDemo.entitlements */ = {isa = PBXFileReference; lastKnownFileType = text.plist.entitlements; path = OSLockCompareDemo.entitlements; sourceTree = "<group>"; };
		4AD8506B2192E88500B36B68 /* OSLockCompareDemoTests.xctest */ = {isa = PBXFileReference; explicitFileType = wrapper.cfbundle; includeInIndex = 0; path = OSLockCompareDemoTests.xctest; sourceTree = BUILT_PRODUCTS_DIR; };
		4AD8506F2192E88500B36B68 /* OSLockCompareDemoTests.swift */ = {isa = PBXFileReference; lastKnownFileType = sourcecode.swift; path = OSLockCompareDemoTests.swift; sourceTree = "<group>"; };
		4AD850712192E88500B36B68 /* Info.plist */ = {isa = PBXFileReference; lastKnownFileType = text.plist.xml; path = Info.plist; sourceTree = "<group>"; };
		4AD850762192E88500B36B68 /* OSLockCompareDemoUITests.xctest */ = {isa = PBXFileReference; explicitFileType = wrapper.cfbundle; includeInIndex = 0; path = OSLockCompareDemoUITests.xctest; sourceTree = BUILT_PRODUCTS_DIR; };
		4AD8507A2192E88500B36B68 /* OSLockCompareDemoUITests.swift */ = {isa = PBXFileReference; lastKnownFileType = sourcecode.swift; path = OSLockCompareDemoUITests.swift; sourceTree = "<group>"; };
		4AD8507C2192E88500B36B68 /* Info.plist */ = {isa = PBXFileReference; lastKnownFileType = text.plist.xml; path = Info.plist; sourceTree = "<group>"; };
		4AD850882192E8A800B36B68 /* OSLockCompare.swift */ = {isa = PBXFileReference; lastKnownFileType = sourcecode.swift; path = OSLockCompare.swift; sourceTree = "<group>"; };
/* End PBXFileReference section */

/* Begin PBXFrameworksBuildPhase section */
		4AD850562192E88400B36B68 /* Frameworks */ = {
			isa = PBXFrameworksBuildPhase;
			buildActionMask = 2147483647;
			files = (
			);
			runOnlyForDeploymentPostprocessing = 0;
		};
		4AD850682192E88500B36B68 /* Frameworks */ = {
			isa = PBXFrameworksBuildPhase;
			buildActionMask = 2147483647;
			files = (
			);
			runOnlyForDeploymentPostprocessing = 0;
		};
		4AD850732192E88500B36B68 /* Frameworks */ = {
			isa = PBXFrameworksBuildPhase;
			buildActionMask = 2147483647;
			files = (
			);
			runOnlyForDeploymentPostprocessing = 0;
		};
/* End PBXFrameworksBuildPhase section */

/* Begin PBXGroup section */
		4AD850502192E88400B36B68 = {
			isa = PBXGroup;
			children = (
				4AD8505B2192E88400B36B68 /* OSLockCompareDemo */,
				4AD8506E2192E88500B36B68 /* OSLockCompareDemoTests */,
				4AD850792192E88500B36B68 /* OSLockCompareDemoUITests */,
				4AD8505A2192E88400B36B68 /* Products */,
			);
			sourceTree = "<group>";
		};
		4AD8505A2192E88400B36B68 /* Products */ = {
			isa = PBXGroup;
			children = (
				4AD850592192E88400B36B68 /* OSLockCompareDemo.app */,
				4AD8506B2192E88500B36B68 /* OSLockCompareDemoTests.xctest */,
				4AD850762192E88500B36B68 /* OSLockCompareDemoUITests.xctest */,
			);
			name = Products;
			sourceTree = "<group>";
		};
		4AD8505B2192E88400B36B68 /* OSLockCompareDemo */ = {
			isa = PBXGroup;
			children = (
				4AD8505C2192E88400B36B68 /* AppDelegate.swift */,
				4AD8505E2192E88400B36B68 /* ViewController.swift */,
				4AD850882192E8A800B36B68 /* OSLockCompare.swift */,
				4AD850602192E88500B36B68 /* Assets.xcassets */,
				4AD850622192E88500B36B68 /* Main.storyboard */,
				4AD850652192E88500B36B68 /* Info.plist */,
				4AD850662192E88500B36B68 /* OSLockCompareDemo.entitlements */,
			);
			path = OSLockCompareDemo;
			sourceTree = "<group>";
		};
		4AD8506E2192E88500B36B68 /* OSLockCompareDemoTests */ = {
			isa = PBXGroup;
			children = (
				4AD8506F2192E88500B36B68 /* OSLockCompareDemoTests.swift */,
				4AD850712192E88500B36B68 /* Info.plist */,
			);
			path = OSLockCompareDemoTests;
			sourceTree = "<group>";
		};
		4AD850792192E88500B36B68 /* OSLockCompareDemoUITests */ = {
			isa = PBXGroup;
			children = (
				4AD8507A2192E88500B36B68 /* OSLockCompareDemoUITests.swift */,
				4AD8507C2192E88500B36B68 /* Info.plist */,
			);
			path = OSLockCompareDemoUITests;
			sourceTree = "<group>";
		};
/* End PBXGroup section */

/* Begin PBXNativeTarget section */
		4AD850582192E88400B36B68 /* OSLockCompareDemo */ = {
			isa = PBXNativeTarget;
			buildConfigurationList = 4AD8507F2192E88500B36B68 /* Build configuration list for PBXNativeTarget "OSLockCompareDemo" */;
			buildPhases = (
				4AD850552192E88400B36B68 /* Sources */,
				4AD850562192E88400B36B68 /* Frameworks */,
				4AD850572192E88400B36B68 /* Resources */,
			);
			buildRules = (
			);
			dependencies = (
			);
			name = OSLockCompareDemo;
			productName = OSLockCompareDemo;
			productReference = 4AD850592192E88400B36B68 /* OSLockCompareDemo.app */;
			productType = "com.apple.product-type.application";
		};
		4AD8506A2192E88500B36B68 /* OSLockCompareDemoTests */ = {
			isa = PBXNativeTarget;
			buildConfigurationList = 4AD850822192E88500B36B68 /* Build configuration list for PBXNativeTarget "OSLockCompareDemoTests" */;
			buildPhases = (
				4AD850672192E88500B36B68 /* Sources */,
				4AD850682192E88500B36B68 /* Frameworks */,
				4AD850692192E88500B36B68 /* Resources */,
			);
			buildRules = (
			);
			dependencies = (
				4AD8506D2192E88500B36B68 /* PBXTargetDependency */,
			);
			name = OSLockCompareDemoTests;
			productName = OSLockCompareDemoTests;
			productReference = 4AD8506B2192E88500B36B68 /* OSLockCompareDemoTests.xctest */;
			productType = "com.apple.product-type.bundle.unit-test";
		};
		4AD850752192E88500B36B68 /* OSLockCompareDemoUITests */ = {
			isa = PBXNativeTarget;
			buildConfigurationList = 4AD850852192E88500B36B68 /* Build configuration list for PBXNativeTarget "OSLockCompareDemoUITests" */;
			buildPhases = (
				4AD850722192E88500B36B68 /* Sources */,
				4AD850732192E88500B36B68 /* Frameworks */,
				4AD850742192E88500B36B68 /* Resources */,
			);
			buildRules = (
			);
			dependencies = (
				4AD850782192E88500B36B68 /* PBXTargetDependency */,
			);
			name = OSLockCompareDemoUITests;
			productName = OSLockCompareDemoUITests;
			productReference = 4AD850762192E88500B36B68 /* OSLockCompareDemoUITests.xctest */;
			productType = "com.apple.product-type.bundle.ui-testing";
		};
/* End PBXNativeTarget section */

/* Begin PBXProject section */
		4AD850512192E88400B36B68 /* Project object */ = {
			isa = PBXProject;
			attributes = {
				LastSwiftUpdateCheck = 0940;
				LastUpgradeCheck = 0940;
				ORGANIZATIONNAME = Kobe;
				TargetAttributes = {
					4AD850582192E88400B36B68 = {
						CreatedOnToolsVersion = 9.4.1;
					};
					4AD8506A2192E88500B36B68 = {
						CreatedOnToolsVersion = 9.4.1;
						TestTargetID = 4AD850582192E88400B36B68;
					};
					4AD850752192E88500B36B68 = {
						CreatedOnToolsVersion = 9.4.1;
						TestTargetID = 4AD850582192E88400B36B68;
					};
				};
			};
			buildConfigurationList = 4AD850542192E88400B36B68 /* Build configuration list for PBXProject "OSLockCompareDemo" */;
			compatibilityVersion = "Xcode 9.3";
			developmentRegion = en;
			hasScannedForEncodings = 0;
			knownRegions = (
				en,
				Base,
			);
			mainGroup = 4AD850502192E88400B36B68;
			productRefGroup = 4AD8505A2192E88400B36B68 /* Products */;
			projectDirPath = "";
			projectRoot = "";
			targets = (
				4AD850582192E88400B36B68 /* OSLockCompareDemo */,
				4AD8506A2192E88500B36B68 /* OSLockCompareDemoTests */,
				4AD850752192E88500B36B68 /* OSLockCompareDemoUITests */,
			);
		};
/* End PBXProject section */

/* Begin PBXResourcesBuildPhase section */
		4AD850572192E88400B36B68 /* Resources */ = {
			isa = PBXResourcesBuildPhase;
			buildActionMask = 2147483647;
			files = (
				4AD850612192E88500B36B68 /* Assets.xcassets in Resources */,
				4AD850642192E88500B36B68 /* Main.storyboard in Resources */,
			);
			runOnlyForDeploymentPostprocessing = 0;
		};
		4AD850692192E88500B36B68 /* Resources */ = {
			isa = PBXResourcesBuildPhase;
			buildActionMask = 2147483647;
			files = (
			);
			runOnlyForDeploymentPostprocessing = 0;
		};
		4AD850742192E88500B36B68 /* Resources */ = {
			isa = PBXResourcesBuildPhase;
			buildActionMask = 2147483647;
			files = (
			);
			runOnlyForDeploymentPostprocessing = 0;
		};
/* End PBXResourcesBuildPhase section */

/* Begin PBXSourcesBuildPhase section */
		4AD850552192E88400B36B68 /* Sources */ = {
			isa = PBXSourcesBuildPhase;
			buildActionMask = 2147483647;
			files = (
				4AD8505F2192E88400B36B68 /* ViewController.swift in Sources */,
				4AD850892192E8A800B36B68 /* OSLockCompare.swift in Sources */,
				4AD8505D2192E88400B36B68 /* AppDelegate.swift in Sources */,
			);
			runOnlyForDeploymentPostprocessing = 0;
		};
		4AD850672192E88500B36B68 /* Sources */ = {
			isa = PBXSourcesBuildPhase;
			buildActionMask = 2147483647;
			files = (
				4AD850702192E88500B36B68 /* OSLockCompareDemoTests.swift in Sources */,
			);
			runOnlyForDeploymentPostprocessing = 0;
		};
		4AD850722192E88500B36B68 /* Sources */ = {
			isa = PBXSourcesBuildPhase;
			buildActionMask = 2147483647;
			files = (
				4AD8507B2192E88500B36B68 /* OSLockCompareDemoUITests.swift in Sources */,
			);
			runOnlyForDeploymentPostprocessing = 0;
		};
/* End PBXSourcesBuildPhase section */

/* Begin PBXTargetDependency section */
		4AD8506D2192E88500B36B68 /* PBXTargetDependency */ = {
			isa = PBXTargetDependency;
			target = 4AD850582192E88400B36B68 /* OSLockCompareDemo */;
			targetProxy = 4AD8506C2192E88500B36B68 /* PBXContainerItemProxy */;
		};
		4AD850782192E88500B36B68 /* PBXTargetDependency */ = {
			isa = PBXTargetDependency;
			target = 4AD850582192E88400B36B68 /* OSLockCompareDemo */;
			targetProxy = 4AD850772192E88500B36B68 /* PBXContainerItemProxy */;
		};
/* End PBXTargetDependency section */

/* Begin PBXVariantGroup section */
		4AD850622192E88500B36B68 /* Main.storyboard */ = {
			isa = PBXVariantGroup;
			children = (
				4AD850632192E88500B36B68 /* Base */,
			);
			name = Main.storyboard;
			sourceTree = "<group>";
		};
/* End PBXVariantGroup section */

/* Begin XCBuildConfiguration section */
		4AD8507D2192E88500B36B68 /* Debug */ = {
			isa = XCBuildConfiguration;
			buildSettings = {
				ALWAYS_SEARCH_USER_PATHS = NO;
				CLANG_ANALYZER_NONNULL = YES;
				CLANG_ANALYZER_NUMBER_OBJECT_CONVERSION = YES_AGGRESSIVE;
				CLANG_CXX_LANGUAGE_STANDARD = "gnu++14";
				CLANG_CXX_LIBRARY = "libc++";
				CLANG_ENABLE_MODULES = YES;
				CLANG_ENABLE_OBJC_ARC = YES;
				CLANG_ENABLE_OBJC_WEAK = YES;
				CLANG_WARN_BLOCK_CAPTURE_AUTORELEASING = YES;
				CLANG_WARN_BOOL_CONVERSION = YES;
				CLANG_WARN_COMMA = YES;
				CLANG_WARN_CONSTANT_CONVERSION = YES;
				CLANG_WARN_DEPRECATED_OBJC_IMPLEMENTATIONS = YES;
				CLANG_WARN_DIRECT_OBJC_ISA_USAGE = YES_ERROR;
				CLANG_WARN_DOCUMENTATION_COMMENTS = YES;
				CLANG_WARN_EMPTY_BODY = YES;
				CLANG_WARN_ENUM_CONVERSION = YES;
				CLANG_WARN_INFINITE_RECURSION = YES;
				CLANG_WARN_INT_CONVERSION = YES;
				CLANG_WARN_NON_LITERAL_NULL_CONVERSION = YES;
				CLANG_WARN_OBJC_IMPLICIT_RETAIN_SELF = YES;
				CLANG_WARN_OBJC_LITERAL_CONVERSION = YES;
				CLANG_WARN_OBJC_ROOT_CLASS = YES_ERROR;
				CLANG_WARN_RANGE_LOOP_ANALYSIS = YES;
				CLANG_WARN_STRICT_PROTOTYPES = YES;
				CLANG_WARN_SUSPICIOUS_MOVE = YES;
				CLANG_WARN_UNGUARDED_AVAILABILITY = YES_AGGRESSIVE;
				CLANG_WARN_UNREACHABLE_CODE = YES;
				CLANG_WARN__DUPLICATE_METHOD_MATCH = YES;
				CODE_SIGN_IDENTITY = "-";
				COPY_PHASE_STRIP = NO;
				DEBUG_INFORMATION_FORMAT = dwarf;
				ENABLE_STRICT_OBJC_MSGSEND = YES;
				ENABLE_TESTABILITY = YES;
				GCC_C_LANGUAGE_STANDARD = gnu11;
				GCC_DYNAMIC_NO_PIC = NO;
				GCC_NO_COMMON_BLOCKS = YES;
				GCC_OPTIMIZATION_LEVEL = 0;
				GCC_PREPROCESSOR_DEFINITIONS = (
					"DEBUG=1",
					"$(inherited)",
				);
				GCC_WARN_64_TO_32_BIT_CONVERSION = YES;
				GCC_WARN_ABOUT_RETURN_TYPE = YES_ERROR;
				GCC_WARN_UNDECLARED_SELECTOR = YES;
				GCC_WARN_UNINITIALIZED_AUTOS = YES_AGGRESSIVE;
				GCC_WARN_UNUSED_FUNCTION = YES;
				GCC_WARN_UNUSED_VARIABLE = YES;
				MACOSX_DEPLOYMENT_TARGET = 10.14;
				MTL_ENABLE_DEBUG_INFO = YES;
				ONLY_ACTIVE_ARCH = YES;
				SDKROOT = macosx;
				SWIFT_ACTIVE_COMPILATION_CONDITIONS = DEBUG;
				SWIFT_OPTIMIZATION_LEVEL = "-Onone";
			};
			name = Debug;
		};
		4AD8507E2192E88500B36B68 /* Release */ = {
			isa = XCBuildConfiguration;
			buildSettings = {
				ALWAYS_SEARCH_USER_PATHS = NO;
				CLANG_ANALYZER_NONNULL = YES;
				CLANG_ANALYZER_NUMBER_OBJECT_CONVERSION = YES_AGGRESSIVE;
				CLANG_CXX_LANGUAGE_STANDARD = "gnu++14";
				CLANG_CXX_LIBRARY = "libc++";
				CLANG_ENABLE_MODULES = YES;
				CLANG_ENABLE_OBJC_ARC = YES;
				CLANG_ENABLE_OBJC_WEAK = YES;
				CLANG_WARN_BLOCK_CAPTURE_AUTORELEASING = YES;
				CLANG_WARN_BOOL_CONVERSION = YES;
				CLANG_WARN_COMMA = YES;
				CLANG_WARN_CONSTANT_CONVERSION = YES;
				CLANG_WARN_DEPRECATED_OBJC_IMPLEMENTATIONS = YES;
				CLANG_WARN_DIRECT_OBJC_ISA_USAGE = YES_ERROR;
				CLANG_WARN_DOCUMENTATION_COMMENTS = YES;
				CLANG_WARN_EMPTY_BODY = YES;
				CLANG_WARN_ENUM_CONVERSION = YES;
				CLANG_WARN_INFINITE_RECURSION = YES;
				CLANG_WARN_INT_CONVERSION = YES;
				CLANG_WARN_NON_LITERAL_NULL_CONVERSION = YES;
				CLANG_WARN_OBJC_IMPLICIT_RETAIN_SELF = YES;
				CLANG_WARN_OBJC_LITERAL_CONVERSION = YES;
				CLANG_WARN_OBJC_ROOT_CLASS = YES_ERROR;
				CLANG_WARN_RANGE_LOOP_ANALYSIS = YES;
				CLANG_WARN_STRICT_PROTOTYPES = YES;
				CLANG_WARN_SUSPICIOUS_MOVE = YES;
				CLANG_WARN_UNGUARDED_AVAILABILITY = YES_AGGRESSIVE;
				CLANG_WARN_UNREACHABLE_CODE = YES;
				CLANG_WARN__DUPLICATE_METHOD_MATCH = YES;
				CODE_SIGN_IDENTITY = "-";
				COPY_PHASE_STRIP = NO;
				DEBUG_INFORMATION_FORMAT = "dwarf-with-dsym";
				ENABLE_NS_ASSERTIONS = NO;
				ENABLE_STRICT_OBJC_MSGSEND = YES;
				GCC_C_LANGUAGE_STANDARD = gnu11;
				GCC_NO_COMMON_BLOCKS = YES;
				GCC_WARN_64_TO_32_BIT_CONVERSION = YES;
				GCC_WARN_ABOUT_RETURN_TYPE = YES_ERROR;
				GCC_WARN_UNDECLARED_SELECTOR = YES;
				GCC_WARN_UNINITIALIZED_AUTOS = YES_AGGRESSIVE;
				GCC_WARN_UNUSED_FUNCTION = YES;
				GCC_WARN_UNUSED_VARIABLE = YES;
				MACOSX_DEPLOYMENT_TARGET = 10.14;
				MTL_ENABLE_DEBUG_INFO = NO;
				SDKROOT = macosx;
				SWIFT_COMPILATION_MODE = wholemodule;
				SWIFT_OPTIMIZATION_LEVEL = "-O";
			};
			name = Release;
		};
		4AD850802192E88500B36B68 /* Debug */ = {
			isa = XCBuildConfiguration;
			buildSettings = {
				ASSETCATALOG_COMPILER_APPICON_NAME = AppIcon;
				CODE_SIGN_ENTITLEMENTS = OSLockCompareDemo/OSLockCompareDemo.entitlements;
				CODE_SIGN_STYLE = Automatic;
				COMBINE_HIDPI_IMAGES = YES;
				INFOPLIST_FILE = OSLockCompareDemo/Info.plist;
				LD_RUNPATH_SEARCH_PATHS = (
					"$(inherited)",
					"@executable_path/../Frameworks",
				);
				PRODUCT_BUNDLE_IDENTIFIER = com.kobeluo.OSLockCompareDemo;
				PRODUCT_NAME = "$(TARGET_NAME)";
				SWIFT_VERSION = 4.0;
			};
			name = Debug;
		};
		4AD850812192E88500B36B68 /* Release */ = {
			isa = XCBuildConfiguration;
			buildSettings = {
				ASSETCATALOG_COMPILER_APPICON_NAME = AppIcon;
				CODE_SIGN_ENTITLEMENTS = OSLockCompareDemo/OSLockCompareDemo.entitlements;
				CODE_SIGN_STYLE = Automatic;
				COMBINE_HIDPI_IMAGES = YES;
				INFOPLIST_FILE = OSLockCompareDemo/Info.plist;
				LD_RUNPATH_SEARCH_PATHS = (
					"$(inherited)",
					"@executable_path/../Frameworks",
				);
				PRODUCT_BUNDLE_IDENTIFIER = com.kobeluo.OSLockCompareDemo;
				PRODUCT_NAME = "$(TARGET_NAME)";
				SWIFT_VERSION = 4.0;
			};
			name = Release;
		};
		4AD850832192E88500B36B68 /* Debug */ = {
			isa = XCBuildConfiguration;
			buildSettings = {
				ALWAYS_EMBED_SWIFT_STANDARD_LIBRARIES = YES;
				BUNDLE_LOADER = "$(TEST_HOST)";
				CODE_SIGN_STYLE = Automatic;
				COMBINE_HIDPI_IMAGES = YES;
				INFOPLIST_FILE = OSLockCompareDemoTests/Info.plist;
				LD_RUNPATH_SEARCH_PATHS = (
					"$(inherited)",
					"@executable_path/../Frameworks",
					"@loader_path/../Frameworks",
				);
				PRODUCT_BUNDLE_IDENTIFIER = com.kobeluo.OSLockCompareDemoTests;
				PRODUCT_NAME = "$(TARGET_NAME)";
				SWIFT_VERSION = 4.0;
				TEST_HOST = "$(BUILT_PRODUCTS_DIR)/OSLockCompareDemo.app/Contents/MacOS/OSLockCompareDemo";
			};
			name = Debug;
		};
		4AD850842192E88500B36B68 /* Release */ = {
			isa = XCBuildConfiguration;
			buildSettings = {
				ALWAYS_EMBED_SWIFT_STANDARD_LIBRARIES = YES;
				BUNDLE_LOADER = "$(TEST_HOST)";
				CODE_SIGN_STYLE = Automatic;
				COMBINE_HIDPI_IMAGES = YES;
				INFOPLIST_FILE = OSLockCompareDemoTests/Info.plist;
				LD_RUNPATH_SEARCH_PATHS = (
					"$(inherited)",
					"@executable_path/../Frameworks",
					"@loader_path/../Frameworks",
				);
				PRODUCT_BUNDLE_IDENTIFIER = com.kobeluo.OSLockCompareDemoTests;
				PRODUCT_NAME = "$(TARGET_NAME)";
				SWIFT_VERSION = 4.0;
				TEST_HOST = "$(BUILT_PRODUCTS_DIR)/OSLockCompareDemo.app/Contents/MacOS/OSLockCompareDemo";
			};
			name = Release;
		};
		4AD850862192E88500B36B68 /* Debug */ = {
			isa = XCBuildConfiguration;
			buildSettings = {
				ALWAYS_EMBED_SWIFT_STANDARD_LIBRARIES = YES;
				CODE_SIGN_STYLE = Automatic;
				COMBINE_HIDPI_IMAGES = YES;
				INFOPLIST_FILE = OSLockCompareDemoUITests/Info.plist;
				LD_RUNPATH_SEARCH_PATHS = (
					"$(inherited)",
					"@executable_path/../Frameworks",
					"@loader_path/../Frameworks",
				);
				PRODUCT_BUNDLE_IDENTIFIER = com.kobeluo.OSLockCompareDemoUITests;
				PRODUCT_NAME = "$(TARGET_NAME)";
				SWIFT_VERSION = 4.0;
				TEST_TARGET_NAME = OSLockCompareDemo;
			};
			name = Debug;
		};
		4AD850872192E88500B36B68 /* Release */ = {
			isa = XCBuildConfiguration;
			buildSettings = {
				ALWAYS_EMBED_SWIFT_STANDARD_LIBRARIES = YES;
				CODE_SIGN_STYLE = Automatic;
				COMBINE_HIDPI_IMAGES = YES;
				INFOPLIST_FILE = OSLockCompareDemoUITests/Info.plist;
				LD_RUNPATH_SEARCH_PATHS = (
					"$(inherited)",
					"@executable_path/../Frameworks",
					"@loader_path/../Frameworks",
				);
				PRODUCT_BUNDLE_IDENTIFIER = com.kobeluo.OSLockCompareDemoUITests;
				PRODUCT_NAME = "$(TARGET_NAME)";
				SWIFT_VERSION = 4.0;
				TEST_TARGET_NAME = OSLockCompareDemo;
			};
			name = Release;
		};
/* End XCBuildConfiguration section */

/* Begin XCConfigurationList section */
		4AD850542192E88400B36B68 /* Build configuration list for PBXProject "OSLockCompareDemo" */ = {
			isa = XCConfigurationList;
			buildConfigurations = (
				4AD8507D2192E88500B36B68 /* Debug */,
				4AD8507E2192E88500B36B68 /* Release */,
			);
			defaultConfigurationIsVisible = 0;
			defaultConfigurationName = Release;
		};
		4AD8507F2192E88500B36B68 /* Build configuration list for PBXNativeTarget "OSLockCompareDemo" */ = {
			isa = XCConfigurationList;
			buildConfigurations = (
				4AD850802192E88500B36B68 /* Debug */,
				4AD850812192E88500B36B68 /* Release */,
			);
			defaultConfigurationIsVisible = 0;
			defaultConfigurationName = Release;
		};
		4AD850822192E88500B36B68 /* Build configuration list for PBXNativeTarget "OSLockCompareDemoTests" */ = {
			isa = XCConfigurationList;
			buildConfigurations = (
				4AD850832192E88500B36B68 /* Debug */,
				4AD850842192E88500B36B68 /* Release */,
			);
			defaultConfigurationIsVisible = 0;
			defaultConfigurationName = Release;
		};
		4AD850852192E88500B36B68 /* Build configuration list for PBXNativeTarget "OSLockCompareDemoUITests" */ = {
			isa = XCConfigurationList;
			buildConfigurations = (
				4AD850862192E88500B36B68 /* Debug */,
				4AD850872192E88500B36B68 /* Release */,
			);
			defaultConfigurationIsVisible = 0;
			defaultConfigurationName = Release;
		};
/* End XCConfigurationList section */
	};
	rootObject = 4AD850512192E88400B36B68 /* Project object */;
}
