// !$*UTF8*$!
{
	archiveVersion = 1;
	classes = {
	};
	objectVersion = 50;
	objects = {

/* Begin PBXBuildFile section */
		4A0427EA21E716C200B47D9D /* NSString+Extension.m in Sources */ = {isa = PBXBuildFile; fileRef = 4A0427E921E716C200B47D9D /* NSString+Extension.m */; };
		4A0427EB21E716DC00B47D9D /* NSString+Extension.m in Sources */ = {isa = PBXBuildFile; fileRef = 4A0427E921E716C200B47D9D /* NSString+Extension.m */; };
		4A0427ED21E71B9000B47D9D /* HostFinderConnectionXPC.xpc in CopyFiles */ = {isa = PBXBuildFile; fileRef = 4AB0031821E5E57F00B39744 /* HostFinderConnectionXPC.xpc */; settings = {ATTRIBUTES = (RemoveHeadersOnCopy, ); }; };
		4A0427F021E7283000B47D9D /* HostFinderConnectionXPC.xpc in CopyFiles */ = {isa = PBXBuildFile; fileRef = 4AB0031821E5E57F00B39744 /* HostFinderConnectionXPC.xpc */; settings = {ATTRIBUTES = (RemoveHeadersOnCopy, ); }; };
		4A7C27BF21E5E03D00016D64 /* AppDelegate.m in Sources */ = {isa = PBXBuildFile; fileRef = 4A7C27BE21E5E03D00016D64 /* AppDelegate.m */; };
		4A7C27C221E5E03D00016D64 /* ViewController.m in Sources */ = {isa = PBXBuildFile; fileRef = 4A7C27C121E5E03D00016D64 /* ViewController.m */; };
		4A7C27C421E5E03D00016D64 /* Assets.xcassets in Resources */ = {isa = PBXBuildFile; fileRef = 4A7C27C321E5E03D00016D64 /* Assets.xcassets */; };
		4A7C27C721E5E03D00016D64 /* Main.storyboard in Resources */ = {isa = PBXBuildFile; fileRef = 4A7C27C521E5E03D00016D64 /* Main.storyboard */; };
		4A7C27CA21E5E03D00016D64 /* main.m in Sources */ = {isa = PBXBuildFile; fileRef = 4A7C27C921E5E03D00016D64 /* main.m */; };
		4A7C27FC21E5E08700016D64 /* FinderSync.appex in Embed App Extensions */ = {isa = PBXBuildFile; fileRef = 4A7C27F321E5E08700016D64 /* FinderSync.appex */; settings = {ATTRIBUTES = (RemoveHeadersOnCopy, ); }; };
		4A7C286221E5E16400016D64 /* Info.plist in Resources */ = {isa = PBXBuildFile; fileRef = 4A7C283821E5E15400016D64 /* Info.plist */; };
		4A7C286321E5E16700016D64 /* FinderDebugHelperUITests.m in Sources */ = {isa = PBXBuildFile; fileRef = 4A7C283721E5E15400016D64 /* FinderDebugHelperUITests.m */; };
		4A7C286421E5E17D00016D64 /* Assets.xcassets in Resources */ = {isa = PBXBuildFile; fileRef = 4A7C283B21E5E15400016D64 /* Assets.xcassets */; };
		4A7C286521E5E18100016D64 /* ViewController.m in Sources */ = {isa = PBXBuildFile; fileRef = 4A7C283C21E5E15400016D64 /* ViewController.m */; };
		4A7C286621E5E18500016D64 /* Main.storyboard in Resources */ = {isa = PBXBuildFile; fileRef = 4A7C283D21E5E15400016D64 /* Main.storyboard */; };
		4A7C286721E5E18B00016D64 /* main.m in Sources */ = {isa = PBXBuildFile; fileRef = 4A7C283F21E5E15400016D64 /* main.m */; };
		4A7C286821E5E19200016D64 /* AppDelegate.m in Sources */ = {isa = PBXBuildFile; fileRef = 4A7C284121E5E15400016D64 /* AppDelegate.m */; };
		4A7C286921E5E19500016D64 /* Info.plist in Resources */ = {isa = PBXBuildFile; fileRef = 4A7C284221E5E15400016D64 /* Info.plist */; };
		4A7C286B21E5E1A300016D64 /* HybridDemoUITests.m in Sources */ = {isa = PBXBuildFile; fileRef = 4A7C284521E5E15400016D64 /* HybridDemoUITests.m */; };
		4A7C286C21E5E1A600016D64 /* Info.plist in Resources */ = {isa = PBXBuildFile; fileRef = 4A7C284621E5E15400016D64 /* Info.plist */; };
		4A7C286D21E5E1AA00016D64 /* HybridDemoTests.m in Sources */ = {isa = PBXBuildFile; fileRef = 4A7C284821E5E15400016D64 /* HybridDemoTests.m */; };
		4A7C286E21E5E1AD00016D64 /* Info.plist in Resources */ = {isa = PBXBuildFile; fileRef = 4A7C284921E5E15400016D64 /* Info.plist */; };
		4A7C287121E5E1C400016D64 /* FinderDebugHelperTests.m in Sources */ = {isa = PBXBuildFile; fileRef = 4A7C285021E5E15400016D64 /* FinderDebugHelperTests.m */; };
		4A7C287221E5E1C700016D64 /* Info.plist in Resources */ = {isa = PBXBuildFile; fileRef = 4A7C285121E5E15400016D64 /* Info.plist */; };
		4A7C289021E5E33600016D64 /* FinderSync.m in Sources */ = {isa = PBXBuildFile; fileRef = 4A7C288C21E5E33600016D64 /* FinderSync.m */; };
		4A7C289121E5E33600016D64 /* Info.plist in Resources */ = {isa = PBXBuildFile; fileRef = 4A7C288F21E5E33600016D64 /* Info.plist */; };
		4A7C289F21E5E36800016D64 /* HelperFinderSync.appex in Embed App Extensions */ = {isa = PBXBuildFile; fileRef = 4A7C289621E5E36800016D64 /* HelperFinderSync.appex */; settings = {ATTRIBUTES = (RemoveHeadersOnCopy, ); }; };
		4A7C28A921E5E38B00016D64 /* FinderSync.m in Sources */ = {isa = PBXBuildFile; fileRef = 4A7C28A521E5E38B00016D64 /* FinderSync.m */; };
		4A7C28AA21E5E38B00016D64 /* Info.plist in Resources */ = {isa = PBXBuildFile; fileRef = 4A7C28A821E5E38B00016D64 /* Info.plist */; };
		4AB0031D21E5E57F00B39744 /* FileOperateServer.m in Sources */ = {isa = PBXBuildFile; fileRef = 4AB0031C21E5E57F00B39744 /* FileOperateServer.m */; };
		4AB0031F21E5E57F00B39744 /* main.m in Sources */ = {isa = PBXBuildFile; fileRef = 4AB0031E21E5E57F00B39744 /* main.m */; };
/* End PBXBuildFile section */

/* Begin PBXContainerItemProxy section */
		4A7C27D121E5E03D00016D64 /* PBXContainerItemProxy */ = {
			isa = PBXContainerItemProxy;
			containerPortal = 4A7C27B221E5E03D00016D64 /* Project object */;
			proxyType = 1;
			remoteGlobalIDString = 4A7C27B921E5E03D00016D64;
			remoteInfo = HybridDemo;
		};
		4A7C27DC21E5E03D00016D64 /* PBXContainerItemProxy */ = {
			isa = PBXContainerItemProxy;
			containerPortal = 4A7C27B221E5E03D00016D64 /* Project object */;
			proxyType = 1;
			remoteGlobalIDString = 4A7C27B921E5E03D00016D64;
			remoteInfo = HybridDemo;
		};
		4A7C27FA21E5E08700016D64 /* PBXContainerItemProxy */ = {
			isa = PBXContainerItemProxy;
			containerPortal = 4A7C27B221E5E03D00016D64 /* Project object */;
			proxyType = 1;
			remoteGlobalIDString = 4A7C27F221E5E08700016D64;
			remoteInfo = FinderSync;
		};
		4A7C281B21E5E0FA00016D64 /* PBXContainerItemProxy */ = {
			isa = PBXContainerItemProxy;
			containerPortal = 4A7C27B221E5E03D00016D64 /* Project object */;
			proxyType = 1;
			remoteGlobalIDString = 4A7C280421E5E0F900016D64;
			remoteInfo = FinderDebugHelper;
		};
		4A7C282621E5E0FA00016D64 /* PBXContainerItemProxy */ = {
			isa = PBXContainerItemProxy;
			containerPortal = 4A7C27B221E5E03D00016D64 /* Project object */;
			proxyType = 1;
			remoteGlobalIDString = 4A7C280421E5E0F900016D64;
			remoteInfo = FinderDebugHelper;
		};
		4A7C289D21E5E36800016D64 /* PBXContainerItemProxy */ = {
			isa = PBXContainerItemProxy;
			containerPortal = 4A7C27B221E5E03D00016D64 /* Project object */;
			proxyType = 1;
			remoteGlobalIDString = 4A7C289521E5E36800016D64;
			remoteInfo = HelperFinderSync;
		};
		4AB0032121E5E57F00B39744 /* PBXContainerItemProxy */ = {
			isa = PBXContainerItemProxy;
			containerPortal = 4A7C27B221E5E03D00016D64 /* Project object */;
			proxyType = 1;
			remoteGlobalIDString = 4AB0031721E5E57F00B39744;
			remoteInfo = HostFinderConnectionXPC;
		};
/* End PBXContainerItemProxy section */

/* Begin PBXCopyFilesBuildPhase section */
		4A0427EC21E71B8700B47D9D /* CopyFiles */ = {
			isa = PBXCopyFilesBuildPhase;
			buildActionMask = 2147483647;
			dstPath = "$(CONTENTS_FOLDER_PATH)/XPCServices";
			dstSubfolderSpec = 16;
			files = (
				4A0427ED21E71B9000B47D9D /* HostFinderConnectionXPC.xpc in CopyFiles */,
			);
			runOnlyForDeploymentPostprocessing = 0;
		};
		4A0427EF21E7282200B47D9D /* CopyFiles */ = {
			isa = PBXCopyFilesBuildPhase;
			buildActionMask = 2147483647;
			dstPath = "$(CONTENTS_FOLDER_PATH)/XPCServices";
			dstSubfolderSpec = 16;
			files = (
				4A0427F021E7283000B47D9D /* HostFinderConnectionXPC.xpc in CopyFiles */,
			);
			runOnlyForDeploymentPostprocessing = 0;
		};
		4A7C280021E5E08700016D64 /* Embed App Extensions */ = {
			isa = PBXCopyFilesBuildPhase;
			buildActionMask = 2147483647;
			dstPath = "";
			dstSubfolderSpec = 13;
			files = (
				4A7C27FC21E5E08700016D64 /* FinderSync.appex in Embed App Extensions */,
			);
			name = "Embed App Extensions";
			runOnlyForDeploymentPostprocessing = 0;
		};
		4A7C28A321E5E36800016D64 /* Embed App Extensions */ = {
			isa = PBXCopyFilesBuildPhase;
			buildActionMask = 2147483647;
			dstPath = "";
			dstSubfolderSpec = 13;
			files = (
				4A7C289F21E5E36800016D64 /* HelperFinderSync.appex in Embed App Extensions */,
			);
			name = "Embed App Extensions";
			runOnlyForDeploymentPostprocessing = 0;
		};
/* End PBXCopyFilesBuildPhase section */

/* Begin PBXFileReference section */
		4A0427E821E716C200B47D9D /* NSString+Extension.h */ = {isa = PBXFileReference; lastKnownFileType = sourcecode.c.h; path = "NSString+Extension.h"; sourceTree = "<group>"; };
		4A0427E921E716C200B47D9D /* NSString+Extension.m */ = {isa = PBXFileReference; lastKnownFileType = sourcecode.c.objc; path = "NSString+Extension.m"; sourceTree = "<group>"; };
		4A7C27BA21E5E03D00016D64 /* HybridDemo.app */ = {isa = PBXFileReference; explicitFileType = wrapper.application; includeInIndex = 0; path = HybridDemo.app; sourceTree = BUILT_PRODUCTS_DIR; };
		4A7C27BD21E5E03D00016D64 /* AppDelegate.h */ = {isa = PBXFileReference; lastKnownFileType = sourcecode.c.h; path = AppDelegate.h; sourceTree = "<group>"; };
		4A7C27BE21E5E03D00016D64 /* AppDelegate.m */ = {isa = PBXFileReference; lastKnownFileType = sourcecode.c.objc; path = AppDelegate.m; sourceTree = "<group>"; };
		4A7C27C021E5E03D00016D64 /* ViewController.h */ = {isa = PBXFileReference; lastKnownFileType = sourcecode.c.h; path = ViewController.h; sourceTree = "<group>"; };
		4A7C27C121E5E03D00016D64 /* ViewController.m */ = {isa = PBXFileReference; lastKnownFileType = sourcecode.c.objc; path = ViewController.m; sourceTree = "<group>"; };
		4A7C27C321E5E03D00016D64 /* Assets.xcassets */ = {isa = PBXFileReference; lastKnownFileType = folder.assetcatalog; path = Assets.xcassets; sourceTree = "<group>"; };
		4A7C27C621E5E03D00016D64 /* Base */ = {isa = PBXFileReference; lastKnownFileType = file.storyboard; name = Base; path = Base.lproj/Main.storyboard; sourceTree = "<group>"; };
		4A7C27C821E5E03D00016D64 /* Info.plist */ = {isa = PBXFileReference; lastKnownFileType = text.plist.xml; path = Info.plist; sourceTree = "<group>"; };
		4A7C27C921E5E03D00016D64 /* main.m */ = {isa = PBXFileReference; lastKnownFileType = sourcecode.c.objc; path = main.m; sourceTree = "<group>"; };
		4A7C27CB21E5E03D00016D64 /* HybridDemo.entitlements */ = {isa = PBXFileReference; lastKnownFileType = text.plist.entitlements; path = HybridDemo.entitlements; sourceTree = "<group>"; };
		4A7C27D021E5E03D00016D64 /* HybridDemoTests.xctest */ = {isa = PBXFileReference; explicitFileType = wrapper.cfbundle; includeInIndex = 0; path = HybridDemoTests.xctest; sourceTree = BUILT_PRODUCTS_DIR; };
		4A7C27DB21E5E03D00016D64 /* HybridDemoUITests.xctest */ = {isa = PBXFileReference; explicitFileType = wrapper.cfbundle; includeInIndex = 0; path = HybridDemoUITests.xctest; sourceTree = BUILT_PRODUCTS_DIR; };
		4A7C27F321E5E08700016D64 /* FinderSync.appex */ = {isa = PBXFileReference; explicitFileType = "wrapper.app-extension"; includeInIndex = 0; path = FinderSync.appex; sourceTree = BUILT_PRODUCTS_DIR; };
		4A7C280521E5E0F900016D64 /* FinderDebugHelper.app */ = {isa = PBXFileReference; explicitFileType = wrapper.application; includeInIndex = 0; path = FinderDebugHelper.app; sourceTree = BUILT_PRODUCTS_DIR; };
		4A7C281A21E5E0FA00016D64 /* FinderDebugHelperTests.xctest */ = {isa = PBXFileReference; explicitFileType = wrapper.cfbundle; includeInIndex = 0; path = FinderDebugHelperTests.xctest; sourceTree = BUILT_PRODUCTS_DIR; };
		4A7C282521E5E0FA00016D64 /* FinderDebugHelperUITests.xctest */ = {isa = PBXFileReference; explicitFileType = wrapper.cfbundle; includeInIndex = 0; path = FinderDebugHelperUITests.xctest; sourceTree = BUILT_PRODUCTS_DIR; };
		4A7C283721E5E15400016D64 /* FinderDebugHelperUITests.m */ = {isa = PBXFileReference; fileEncoding = 4; lastKnownFileType = sourcecode.c.objc; path = FinderDebugHelperUITests.m; sourceTree = "<group>"; };
		4A7C283821E5E15400016D64 /* Info.plist */ = {isa = PBXFileReference; fileEncoding = 4; lastKnownFileType = text.plist.xml; path = Info.plist; sourceTree = "<group>"; };
		4A7C283A21E5E15400016D64 /* AppDelegate.h */ = {isa = PBXFileReference; fileEncoding = 4; lastKnownFileType = sourcecode.c.h; path = AppDelegate.h; sourceTree = "<group>"; };
		4A7C283B21E5E15400016D64 /* Assets.xcassets */ = {isa = PBXFileReference; lastKnownFileType = folder.assetcatalog; path = Assets.xcassets; sourceTree = "<group>"; };
		4A7C283C21E5E15400016D64 /* ViewController.m */ = {isa = PBXFileReference; fileEncoding = 4; lastKnownFileType = sourcecode.c.objc; path = ViewController.m; sourceTree = "<group>"; };
		4A7C283E21E5E15400016D64 /* Base */ = {isa = PBXFileReference; lastKnownFileType = file.storyboard; name = Base; path = Base.lproj/Main.storyboard; sourceTree = "<group>"; };
		4A7C283F21E5E15400016D64 /* main.m */ = {isa = PBXFileReference; fileEncoding = 4; lastKnownFileType = sourcecode.c.objc; path = main.m; sourceTree = "<group>"; };
		4A7C284021E5E15400016D64 /* FinderDebugHelper.entitlements */ = {isa = PBXFileReference; fileEncoding = 4; lastKnownFileType = text.plist.entitlements; path = FinderDebugHelper.entitlements; sourceTree = "<group>"; };
		4A7C284121E5E15400016D64 /* AppDelegate.m */ = {isa = PBXFileReference; fileEncoding = 4; lastKnownFileType = sourcecode.c.objc; path = AppDelegate.m; sourceTree = "<group>"; };
		4A7C284221E5E15400016D64 /* Info.plist */ = {isa = PBXFileReference; fileEncoding = 4; lastKnownFileType = text.plist.xml; path = Info.plist; sourceTree = "<group>"; };
		4A7C284321E5E15400016D64 /* ViewController.h */ = {isa = PBXFileReference; fileEncoding = 4; lastKnownFileType = sourcecode.c.h; path = ViewController.h; sourceTree = "<group>"; };
		4A7C284521E5E15400016D64 /* HybridDemoUITests.m */ = {isa = PBXFileReference; fileEncoding = 4; lastKnownFileType = sourcecode.c.objc; path = HybridDemoUITests.m; sourceTree = "<group>"; };
		4A7C284621E5E15400016D64 /* Info.plist */ = {isa = PBXFileReference; fileEncoding = 4; lastKnownFileType = text.plist.xml; path = Info.plist; sourceTree = "<group>"; };
		4A7C284821E5E15400016D64 /* HybridDemoTests.m */ = {isa = PBXFileReference; fileEncoding = 4; lastKnownFileType = sourcecode.c.objc; path = HybridDemoTests.m; sourceTree = "<group>"; };
		4A7C284921E5E15400016D64 /* Info.plist */ = {isa = PBXFileReference; fileEncoding = 4; lastKnownFileType = text.plist.xml; path = Info.plist; sourceTree = "<group>"; };
		4A7C285021E5E15400016D64 /* FinderDebugHelperTests.m */ = {isa = PBXFileReference; fileEncoding = 4; lastKnownFileType = sourcecode.c.objc; path = FinderDebugHelperTests.m; sourceTree = "<group>"; };
		4A7C285121E5E15400016D64 /* Info.plist */ = {isa = PBXFileReference; fileEncoding = 4; lastKnownFileType = text.plist.xml; path = Info.plist; sourceTree = "<group>"; };
		4A7C288C21E5E33600016D64 /* FinderSync.m */ = {isa = PBXFileReference; fileEncoding = 4; lastKnownFileType = sourcecode.c.objc; path = FinderSync.m; sourceTree = "<group>"; };
		4A7C288D21E5E33600016D64 /* FinderSync.h */ = {isa = PBXFileReference; fileEncoding = 4; lastKnownFileType = sourcecode.c.h; path = FinderSync.h; sourceTree = "<group>"; };
		4A7C288E21E5E33600016D64 /* FinderSync.entitlements */ = {isa = PBXFileReference; fileEncoding = 4; lastKnownFileType = text.plist.entitlements; path = FinderSync.entitlements; sourceTree = "<group>"; };
		4A7C288F21E5E33600016D64 /* Info.plist */ = {isa = PBXFileReference; fileEncoding = 4; lastKnownFileType = text.plist.xml; path = Info.plist; sourceTree = "<group>"; };
		4A7C289621E5E36800016D64 /* HelperFinderSync.appex */ = {isa = PBXFileReference; explicitFileType = "wrapper.app-extension"; includeInIndex = 0; path = HelperFinderSync.appex; sourceTree = BUILT_PRODUCTS_DIR; };
		4A7C28A521E5E38B00016D64 /* FinderSync.m */ = {isa = PBXFileReference; fileEncoding = 4; lastKnownFileType = sourcecode.c.objc; path = FinderSync.m; sourceTree = "<group>"; };
		4A7C28A621E5E38B00016D64 /* HelperFinderSync.entitlements */ = {isa = PBXFileReference; fileEncoding = 4; lastKnownFileType = text.plist.entitlements; path = HelperFinderSync.entitlements; sourceTree = "<group>"; };
		4A7C28A721E5E38B00016D64 /* FinderSync.h */ = {isa = PBXFileReference; fileEncoding = 4; lastKnownFileType = sourcecode.c.h; path = FinderSync.h; sourceTree = "<group>"; };
		4A7C28A821E5E38B00016D64 /* Info.plist */ = {isa = PBXFileReference; fileEncoding = 4; lastKnownFileType = text.plist.xml; path = Info.plist; sourceTree = "<group>"; };
		4AB0031821E5E57F00B39744 /* HostFinderConnectionXPC.xpc */ = {isa = PBXFileReference; explicitFileType = "wrapper.xpc-service"; includeInIndex = 0; path = HostFinderConnectionXPC.xpc; sourceTree = BUILT_PRODUCTS_DIR; };
		4AB0031A21E5E57F00B39744 /* FileOperationProtocol.h */ = {isa = PBXFileReference; lastKnownFileType = sourcecode.c.h; path = FileOperationProtocol.h; sourceTree = "<group>"; };
		4AB0031B21E5E57F00B39744 /* FileOperateServer.h */ = {isa = PBXFileReference; lastKnownFileType = sourcecode.c.h; path = FileOperateServer.h; sourceTree = "<group>"; };
		4AB0031C21E5E57F00B39744 /* FileOperateServer.m */ = {isa = PBXFileReference; lastKnownFileType = sourcecode.c.objc; path = FileOperateServer.m; sourceTree = "<group>"; };
		4AB0031E21E5E57F00B39744 /* main.m */ = {isa = PBXFileReference; lastKnownFileType = sourcecode.c.objc; path = main.m; sourceTree = "<group>"; };
		4AB0032021E5E57F00B39744 /* Info.plist */ = {isa = PBXFileReference; lastKnownFileType = text.plist.xml; path = Info.plist; sourceTree = "<group>"; };
/* End PBXFileReference section */

/* Begin PBXFrameworksBuildPhase section */
		4A7C27B721E5E03D00016D64 /* Frameworks */ = {
			isa = PBXFrameworksBuildPhase;
			buildActionMask = 2147483647;
			files = (
			);
			runOnlyForDeploymentPostprocessing = 0;
		};
		4A7C27CD21E5E03D00016D64 /* Frameworks */ = {
			isa = PBXFrameworksBuildPhase;
			buildActionMask = 2147483647;
			files = (
			);
			runOnlyForDeploymentPostprocessing = 0;
		};
		4A7C27D821E5E03D00016D64 /* Frameworks */ = {
			isa = PBXFrameworksBuildPhase;
			buildActionMask = 2147483647;
			files = (
			);
			runOnlyForDeploymentPostprocessing = 0;
		};
		4A7C27F021E5E08700016D64 /* Frameworks */ = {
			isa = PBXFrameworksBuildPhase;
			buildActionMask = 2147483647;
			files = (
			);
			runOnlyForDeploymentPostprocessing = 0;
		};
		4A7C280221E5E0F900016D64 /* Frameworks */ = {
			isa = PBXFrameworksBuildPhase;
			buildActionMask = 2147483647;
			files = (
			);
			runOnlyForDeploymentPostprocessing = 0;
		};
		4A7C281721E5E0FA00016D64 /* Frameworks */ = {
			isa = PBXFrameworksBuildPhase;
			buildActionMask = 2147483647;
			files = (
			);
			runOnlyForDeploymentPostprocessing = 0;
		};
		4A7C282221E5E0FA00016D64 /* Frameworks */ = {
			isa = PBXFrameworksBuildPhase;
			buildActionMask = 2147483647;
			files = (
			);
			runOnlyForDeploymentPostprocessing = 0;
		};
		4A7C289321E5E36800016D64 /* Frameworks */ = {
			isa = PBXFrameworksBuildPhase;
			buildActionMask = 2147483647;
			files = (
			);
			runOnlyForDeploymentPostprocessing = 0;
		};
		4AB0031521E5E57F00B39744 /* Frameworks */ = {
			isa = PBXFrameworksBuildPhase;
			buildActionMask = 2147483647;
			files = (
			);
			runOnlyForDeploymentPostprocessing = 0;
		};
/* End PBXFrameworksBuildPhase section */

/* Begin PBXGroup section */
		4A7C27B121E5E03D00016D64 = {
			isa = PBXGroup;
			children = (
				4A7C27BC21E5E03D00016D64 /* HybridDemo */,
				4A7C288B21E5E33600016D64 /* FinderSync */,
				4AB0031921E5E57F00B39744 /* HostFinderConnectionXPC */,
				4A7C27BB21E5E03D00016D64 /* Products */,
			);
			sourceTree = "<group>";
		};
		4A7C27BB21E5E03D00016D64 /* Products */ = {
			isa = PBXGroup;
			children = (
				4A7C27BA21E5E03D00016D64 /* HybridDemo.app */,
				4A7C27D021E5E03D00016D64 /* HybridDemoTests.xctest */,
				4A7C27DB21E5E03D00016D64 /* HybridDemoUITests.xctest */,
				4A7C27F321E5E08700016D64 /* FinderSync.appex */,
				4A7C280521E5E0F900016D64 /* FinderDebugHelper.app */,
				4A7C281A21E5E0FA00016D64 /* FinderDebugHelperTests.xctest */,
				4A7C282521E5E0FA00016D64 /* FinderDebugHelperUITests.xctest */,
				4A7C289621E5E36800016D64 /* HelperFinderSync.appex */,
				4AB0031821E5E57F00B39744 /* HostFinderConnectionXPC.xpc */,
			);
			name = Products;
			sourceTree = "<group>";
		};
		4A7C27BC21E5E03D00016D64 /* HybridDemo */ = {
			isa = PBXGroup;
			children = (
				4A7C27BD21E5E03D00016D64 /* AppDelegate.h */,
				4A7C27BE21E5E03D00016D64 /* AppDelegate.m */,
				4A7C27C021E5E03D00016D64 /* ViewController.h */,
				4A7C27C121E5E03D00016D64 /* ViewController.m */,
				4A7C27C321E5E03D00016D64 /* Assets.xcassets */,
				4A7C27C521E5E03D00016D64 /* Main.storyboard */,
				4A7C27C821E5E03D00016D64 /* Info.plist */,
				4A7C27C921E5E03D00016D64 /* main.m */,
				4A0427E821E716C200B47D9D /* NSString+Extension.h */,
				4A0427E921E716C200B47D9D /* NSString+Extension.m */,
				4A7C27CB21E5E03D00016D64 /* HybridDemo.entitlements */,
				4A7C283521E5E15400016D64 /* Other */,
			);
			path = HybridDemo;
			sourceTree = "<group>";
		};
		4A7C283521E5E15400016D64 /* Other */ = {
			isa = PBXGroup;
			children = (
				4A7C283621E5E15400016D64 /* FinderDebugHelperUITests */,
				4A7C283921E5E15400016D64 /* FinderDebugHelper */,
				4A7C284421E5E15400016D64 /* HybridDemoUITests */,
				4A7C284721E5E15400016D64 /* HybridDemoTests */,
				4A7C28A421E5E38B00016D64 /* HelperFinderSync */,
				4A7C284F21E5E15400016D64 /* FinderDebugHelperTests */,
			);
			path = Other;
			sourceTree = "<group>";
		};
		4A7C283621E5E15400016D64 /* FinderDebugHelperUITests */ = {
			isa = PBXGroup;
			children = (
				4A7C283721E5E15400016D64 /* FinderDebugHelperUITests.m */,
				4A7C283821E5E15400016D64 /* Info.plist */,
			);
			path = FinderDebugHelperUITests;
			sourceTree = "<group>";
		};
		4A7C283921E5E15400016D64 /* FinderDebugHelper */ = {
			isa = PBXGroup;
			children = (
				4A7C283A21E5E15400016D64 /* AppDelegate.h */,
				4A7C283B21E5E15400016D64 /* Assets.xcassets */,
				4A7C283C21E5E15400016D64 /* ViewController.m */,
				4A7C283D21E5E15400016D64 /* Main.storyboard */,
				4A7C283F21E5E15400016D64 /* main.m */,
				4A7C284021E5E15400016D64 /* FinderDebugHelper.entitlements */,
				4A7C284121E5E15400016D64 /* AppDelegate.m */,
				4A7C284221E5E15400016D64 /* Info.plist */,
				4A7C284321E5E15400016D64 /* ViewController.h */,
			);
			path = FinderDebugHelper;
			sourceTree = "<group>";
		};
		4A7C284421E5E15400016D64 /* HybridDemoUITests */ = {
			isa = PBXGroup;
			children = (
				4A7C284521E5E15400016D64 /* HybridDemoUITests.m */,
				4A7C284621E5E15400016D64 /* Info.plist */,
			);
			path = HybridDemoUITests;
			sourceTree = "<group>";
		};
		4A7C284721E5E15400016D64 /* HybridDemoTests */ = {
			isa = PBXGroup;
			children = (
				4A7C284821E5E15400016D64 /* HybridDemoTests.m */,
				4A7C284921E5E15400016D64 /* Info.plist */,
			);
			path = HybridDemoTests;
			sourceTree = "<group>";
		};
		4A7C284F21E5E15400016D64 /* FinderDebugHelperTests */ = {
			isa = PBXGroup;
			children = (
				4A7C285021E5E15400016D64 /* FinderDebugHelperTests.m */,
				4A7C285121E5E15400016D64 /* Info.plist */,
			);
			path = FinderDebugHelperTests;
			sourceTree = "<group>";
		};
		4A7C288B21E5E33600016D64 /* FinderSync */ = {
			isa = PBXGroup;
			children = (
				4A7C288D21E5E33600016D64 /* FinderSync.h */,
				4A7C288C21E5E33600016D64 /* FinderSync.m */,
				4A7C288E21E5E33600016D64 /* FinderSync.entitlements */,
				4A7C288F21E5E33600016D64 /* Info.plist */,
			);
			name = FinderSync;
			path = HybridDemo/Other/FinderSync;
			sourceTree = "<group>";
		};
		4A7C28A421E5E38B00016D64 /* HelperFinderSync */ = {
			isa = PBXGroup;
			children = (
				4A7C28A521E5E38B00016D64 /* FinderSync.m */,
				4A7C28A621E5E38B00016D64 /* HelperFinderSync.entitlements */,
				4A7C28A721E5E38B00016D64 /* FinderSync.h */,
				4A7C28A821E5E38B00016D64 /* Info.plist */,
			);
			name = HelperFinderSync;
			path = HybridDemo/Other/HelperFinderSync;
			sourceTree = SOURCE_ROOT;
		};
		4AB0031921E5E57F00B39744 /* HostFinderConnectionXPC */ = {
			isa = PBXGroup;
			children = (
				4AB0031A21E5E57F00B39744 /* FileOperationProtocol.h */,
				4AB0031B21E5E57F00B39744 /* FileOperateServer.h */,
				4AB0031C21E5E57F00B39744 /* FileOperateServer.m */,
				4AB0031E21E5E57F00B39744 /* main.m */,
				4AB0032021E5E57F00B39744 /* Info.plist */,
			);
			path = HostFinderConnectionXPC;
			sourceTree = "<group>";
		};
/* End PBXGroup section */

/* Begin PBXNativeTarget section */
		4A7C27B921E5E03D00016D64 /* HybridDemo */ = {
			isa = PBXNativeTarget;
			buildConfigurationList = 4A7C27E421E5E03E00016D64 /* Build configuration list for PBXNativeTarget "HybridDemo" */;
			buildPhases = (
				4A7C27B621E5E03D00016D64 /* Sources */,
				4A7C27B721E5E03D00016D64 /* Frameworks */,
				4A7C27B821E5E03D00016D64 /* Resources */,
				4A7C280021E5E08700016D64 /* Embed App Extensions */,
				4A0427EF21E7282200B47D9D /* CopyFiles */,
			);
			buildRules = (
			);
			dependencies = (
				4A7C27FB21E5E08700016D64 /* PBXTargetDependency */,
				4AB0032221E5E57F00B39744 /* PBXTargetDependency */,
			);
			name = HybridDemo;
			productName = HybridDemo;
			productReference = 4A7C27BA21E5E03D00016D64 /* HybridDemo.app */;
			productType = "com.apple.product-type.application";
		};
		4A7C27CF21E5E03D00016D64 /* HybridDemoTests */ = {
			isa = PBXNativeTarget;
			buildConfigurationList = 4A7C27E721E5E03E00016D64 /* Build configuration list for PBXNativeTarget "HybridDemoTests" */;
			buildPhases = (
				4A7C27CC21E5E03D00016D64 /* Sources */,
				4A7C27CD21E5E03D00016D64 /* Frameworks */,
				4A7C27CE21E5E03D00016D64 /* Resources */,
			);
			buildRules = (
			);
			dependencies = (
				4A7C27D221E5E03D00016D64 /* PBXTargetDependency */,
			);
			name = HybridDemoTests;
			productName = HybridDemoTests;
			productReference = 4A7C27D021E5E03D00016D64 /* HybridDemoTests.xctest */;
			productType = "com.apple.product-type.bundle.unit-test";
		};
		4A7C27DA21E5E03D00016D64 /* HybridDemoUITests */ = {
			isa = PBXNativeTarget;
			buildConfigurationList = 4A7C27EA21E5E03E00016D64 /* Build configuration list for PBXNativeTarget "HybridDemoUITests" */;
			buildPhases = (
				4A7C27D721E5E03D00016D64 /* Sources */,
				4A7C27D821E5E03D00016D64 /* Frameworks */,
				4A7C27D921E5E03D00016D64 /* Resources */,
			);
			buildRules = (
			);
			dependencies = (
				4A7C27DD21E5E03D00016D64 /* PBXTargetDependency */,
			);
			name = HybridDemoUITests;
			productName = HybridDemoUITests;
			productReference = 4A7C27DB21E5E03D00016D64 /* HybridDemoUITests.xctest */;
			productType = "com.apple.product-type.bundle.ui-testing";
		};
		4A7C27F221E5E08700016D64 /* FinderSync */ = {
			isa = PBXNativeTarget;
			buildConfigurationList = 4A7C27FD21E5E08700016D64 /* Build configuration list for PBXNativeTarget "FinderSync" */;
			buildPhases = (
				4A7C27EF21E5E08700016D64 /* Sources */,
				4A7C27F021E5E08700016D64 /* Frameworks */,
				4A7C27F121E5E08700016D64 /* Resources */,
				4A0427EC21E71B8700B47D9D /* CopyFiles */,
			);
			buildRules = (
			);
			dependencies = (
			);
			name = FinderSync;
			productName = FinderSync;
			productReference = 4A7C27F321E5E08700016D64 /* FinderSync.appex */;
			productType = "com.apple.product-type.app-extension";
		};
		4A7C280421E5E0F900016D64 /* FinderDebugHelper */ = {
			isa = PBXNativeTarget;
			buildConfigurationList = 4A7C282C21E5E0FA00016D64 /* Build configuration list for PBXNativeTarget "FinderDebugHelper" */;
			buildPhases = (
				4A7C280121E5E0F900016D64 /* Sources */,
				4A7C280221E5E0F900016D64 /* Frameworks */,
				4A7C280321E5E0F900016D64 /* Resources */,
				4A7C28A321E5E36800016D64 /* Embed App Extensions */,
			);
			buildRules = (
			);
			dependencies = (
				4A7C289E21E5E36800016D64 /* PBXTargetDependency */,
			);
			name = FinderDebugHelper;
			productName = FinderDebugHelper;
			productReference = 4A7C280521E5E0F900016D64 /* FinderDebugHelper.app */;
			productType = "com.apple.product-type.application";
		};
		4A7C281921E5E0FA00016D64 /* FinderDebugHelperTests */ = {
			isa = PBXNativeTarget;
			buildConfigurationList = 4A7C282F21E5E0FA00016D64 /* Build configuration list for PBXNativeTarget "FinderDebugHelperTests" */;
			buildPhases = (
				4A7C281621E5E0FA00016D64 /* Sources */,
				4A7C281721E5E0FA00016D64 /* Frameworks */,
				4A7C281821E5E0FA00016D64 /* Resources */,
			);
			buildRules = (
			);
			dependencies = (
				4A7C281C21E5E0FA00016D64 /* PBXTargetDependency */,
			);
			name = FinderDebugHelperTests;
			productName = FinderDebugHelperTests;
			productReference = 4A7C281A21E5E0FA00016D64 /* FinderDebugHelperTests.xctest */;
			productType = "com.apple.product-type.bundle.unit-test";
		};
		4A7C282421E5E0FA00016D64 /* FinderDebugHelperUITests */ = {
			isa = PBXNativeTarget;
			buildConfigurationList = 4A7C283221E5E0FA00016D64 /* Build configuration list for PBXNativeTarget "FinderDebugHelperUITests" */;
			buildPhases = (
				4A7C282121E5E0FA00016D64 /* Sources */,
				4A7C282221E5E0FA00016D64 /* Frameworks */,
				4A7C282321E5E0FA00016D64 /* Resources */,
			);
			buildRules = (
			);
			dependencies = (
				4A7C282721E5E0FA00016D64 /* PBXTargetDependency */,
			);
			name = FinderDebugHelperUITests;
			productName = FinderDebugHelperUITests;
			productReference = 4A7C282521E5E0FA00016D64 /* FinderDebugHelperUITests.xctest */;
			productType = "com.apple.product-type.bundle.ui-testing";
		};
		4A7C289521E5E36800016D64 /* HelperFinderSync */ = {
			isa = PBXNativeTarget;
			buildConfigurationList = 4A7C28A021E5E36800016D64 /* Build configuration list for PBXNativeTarget "HelperFinderSync" */;
			buildPhases = (
				4A7C289221E5E36800016D64 /* Sources */,
				4A7C289321E5E36800016D64 /* Frameworks */,
				4A7C289421E5E36800016D64 /* Resources */,
			);
			buildRules = (
			);
			dependencies = (
			);
			name = HelperFinderSync;
			productName = HelperFinderSync;
			productReference = 4A7C289621E5E36800016D64 /* HelperFinderSync.appex */;
			productType = "com.apple.product-type.app-extension";
		};
		4AB0031721E5E57F00B39744 /* HostFinderConnectionXPC */ = {
			isa = PBXNativeTarget;
			buildConfigurationList = 4AB0032621E5E57F00B39744 /* Build configuration list for PBXNativeTarget "HostFinderConnectionXPC" */;
			buildPhases = (
				4AB0031421E5E57F00B39744 /* Sources */,
				4AB0031521E5E57F00B39744 /* Frameworks */,
				4AB0031621E5E57F00B39744 /* Resources */,
			);
			buildRules = (
			);
			dependencies = (
			);
			name = HostFinderConnectionXPC;
			productName = HostFinderConnectionXPC;
			productReference = 4AB0031821E5E57F00B39744 /* HostFinderConnectionXPC.xpc */;
			productType = "com.apple.product-type.xpc-service";
		};
/* End PBXNativeTarget section */

/* Begin PBXProject section */
		4A7C27B221E5E03D00016D64 /* Project object */ = {
			isa = PBXProject;
			attributes = {
				LastUpgradeCheck = 0940;
				ORGANIZATIONNAME = Kobe;
				TargetAttributes = {
					4A7C27B921E5E03D00016D64 = {
						CreatedOnToolsVersion = 9.4.1;
						SystemCapabilities = {
							com.apple.Sandbox = {
								enabled = 0;
							};
						};
					};
					4A7C27CF21E5E03D00016D64 = {
						CreatedOnToolsVersion = 9.4.1;
						TestTargetID = 4A7C27B921E5E03D00016D64;
					};
					4A7C27DA21E5E03D00016D64 = {
						CreatedOnToolsVersion = 9.4.1;
						TestTargetID = 4A7C27B921E5E03D00016D64;
					};
					4A7C27F221E5E08700016D64 = {
						CreatedOnToolsVersion = 9.4.1;
					};
					4A7C280421E5E0F900016D64 = {
						CreatedOnToolsVersion = 9.4.1;
						SystemCapabilities = {
							com.apple.Sandbox = {
								enabled = 0;
							};
						};
					};
					4A7C281921E5E0FA00016D64 = {
						CreatedOnToolsVersion = 9.4.1;
						TestTargetID = 4A7C280421E5E0F900016D64;
					};
					4A7C282421E5E0FA00016D64 = {
						CreatedOnToolsVersion = 9.4.1;
						TestTargetID = 4A7C280421E5E0F900016D64;
					};
					4A7C289521E5E36800016D64 = {
						CreatedOnToolsVersion = 9.4.1;
					};
					4AB0031721E5E57F00B39744 = {
						CreatedOnToolsVersion = 10.1;
					};
				};
			};
			buildConfigurationList = 4A7C27B521E5E03D00016D64 /* Build configuration list for PBXProject "HybridDemo" */;
			compatibilityVersion = "Xcode 9.3";
			developmentRegion = en;
			hasScannedForEncodings = 0;
			knownRegions = (
				en,
				Base,
			);
			mainGroup = 4A7C27B121E5E03D00016D64;
			productRefGroup = 4A7C27BB21E5E03D00016D64 /* Products */;
			projectDirPath = "";
			projectRoot = "";
			targets = (
				4A7C27B921E5E03D00016D64 /* HybridDemo */,
				4A7C27CF21E5E03D00016D64 /* HybridDemoTests */,
				4A7C27DA21E5E03D00016D64 /* HybridDemoUITests */,
				4A7C27F221E5E08700016D64 /* FinderSync */,
				4A7C280421E5E0F900016D64 /* FinderDebugHelper */,
				4A7C281921E5E0FA00016D64 /* FinderDebugHelperTests */,
				4A7C282421E5E0FA00016D64 /* FinderDebugHelperUITests */,
				4A7C289521E5E36800016D64 /* HelperFinderSync */,
				4AB0031721E5E57F00B39744 /* HostFinderConnectionXPC */,
			);
		};
/* End PBXProject section */

/* Begin PBXResourcesBuildPhase section */
		4A7C27B821E5E03D00016D64 /* Resources */ = {
			isa = PBXResourcesBuildPhase;
			buildActionMask = 2147483647;
			files = (
				4A7C27C421E5E03D00016D64 /* Assets.xcassets in Resources */,
				4A7C27C721E5E03D00016D64 /* Main.storyboard in Resources */,
			);
			runOnlyForDeploymentPostprocessing = 0;
		};
		4A7C27CE21E5E03D00016D64 /* Resources */ = {
			isa = PBXResourcesBuildPhase;
			buildActionMask = 2147483647;
			files = (
				4A7C286E21E5E1AD00016D64 /* Info.plist in Resources */,
			);
			runOnlyForDeploymentPostprocessing = 0;
		};
		4A7C27D921E5E03D00016D64 /* Resources */ = {
			isa = PBXResourcesBuildPhase;
			buildActionMask = 2147483647;
			files = (
				4A7C286C21E5E1A600016D64 /* Info.plist in Resources */,
			);
			runOnlyForDeploymentPostprocessing = 0;
		};
		4A7C27F121E5E08700016D64 /* Resources */ = {
			isa = PBXResourcesBuildPhase;
			buildActionMask = 2147483647;
			files = (
				4A7C289121E5E33600016D64 /* Info.plist in Resources */,
			);
			runOnlyForDeploymentPostprocessing = 0;
		};
		4A7C280321E5E0F900016D64 /* Resources */ = {
			isa = PBXResourcesBuildPhase;
			buildActionMask = 2147483647;
			files = (
				4A7C286421E5E17D00016D64 /* Assets.xcassets in Resources */,
				4A7C286621E5E18500016D64 /* Main.storyboard in Resources */,
				4A7C286921E5E19500016D64 /* Info.plist in Resources */,
			);
			runOnlyForDeploymentPostprocessing = 0;
		};
		4A7C281821E5E0FA00016D64 /* Resources */ = {
			isa = PBXResourcesBuildPhase;
			buildActionMask = 2147483647;
			files = (
				4A7C287221E5E1C700016D64 /* Info.plist in Resources */,
			);
			runOnlyForDeploymentPostprocessing = 0;
		};
		4A7C282321E5E0FA00016D64 /* Resources */ = {
			isa = PBXResourcesBuildPhase;
			buildActionMask = 2147483647;
			files = (
				4A7C286221E5E16400016D64 /* Info.plist in Resources */,
			);
			runOnlyForDeploymentPostprocessing = 0;
		};
		4A7C289421E5E36800016D64 /* Resources */ = {
			isa = PBXResourcesBuildPhase;
			buildActionMask = 2147483647;
			files = (
				4A7C28AA21E5E38B00016D64 /* Info.plist in Resources */,
			);
			runOnlyForDeploymentPostprocessing = 0;
		};
		4AB0031621E5E57F00B39744 /* Resources */ = {
			isa = PBXResourcesBuildPhase;
			buildActionMask = 2147483647;
			files = (
			);
			runOnlyForDeploymentPostprocessing = 0;
		};
/* End PBXResourcesBuildPhase section */

/* Begin PBXSourcesBuildPhase section */
		4A7C27B621E5E03D00016D64 /* Sources */ = {
			isa = PBXSourcesBuildPhase;
			buildActionMask = 2147483647;
			files = (
				4A7C27C221E5E03D00016D64 /* ViewController.m in Sources */,
				4A7C27CA21E5E03D00016D64 /* main.m in Sources */,
				4A7C27BF21E5E03D00016D64 /* AppDelegate.m in Sources */,
				4A0427EA21E716C200B47D9D /* NSString+Extension.m in Sources */,
			);
			runOnlyForDeploymentPostprocessing = 0;
		};
		4A7C27CC21E5E03D00016D64 /* Sources */ = {
			isa = PBXSourcesBuildPhase;
			buildActionMask = 2147483647;
			files = (
				4A7C286D21E5E1AA00016D64 /* HybridDemoTests.m in Sources */,
			);
			runOnlyForDeploymentPostprocessing = 0;
		};
		4A7C27D721E5E03D00016D64 /* Sources */ = {
			isa = PBXSourcesBuildPhase;
			buildActionMask = 2147483647;
			files = (
				4A7C286B21E5E1A300016D64 /* HybridDemoUITests.m in Sources */,
			);
			runOnlyForDeploymentPostprocessing = 0;
		};
		4A7C27EF21E5E08700016D64 /* Sources */ = {
			isa = PBXSourcesBuildPhase;
			buildActionMask = 2147483647;
			files = (
				4A7C289021E5E33600016D64 /* FinderSync.m in Sources */,
			);
			runOnlyForDeploymentPostprocessing = 0;
		};
		4A7C280121E5E0F900016D64 /* Sources */ = {
			isa = PBXSourcesBuildPhase;
			buildActionMask = 2147483647;
			files = (
				4A7C286721E5E18B00016D64 /* main.m in Sources */,
				4A7C286521E5E18100016D64 /* ViewController.m in Sources */,
				4A7C286821E5E19200016D64 /* AppDelegate.m in Sources */,
			);
			runOnlyForDeploymentPostprocessing = 0;
		};
		4A7C281621E5E0FA00016D64 /* Sources */ = {
			isa = PBXSourcesBuildPhase;
			buildActionMask = 2147483647;
			files = (
				4A7C287121E5E1C400016D64 /* FinderDebugHelperTests.m in Sources */,
			);
			runOnlyForDeploymentPostprocessing = 0;
		};
		4A7C282121E5E0FA00016D64 /* Sources */ = {
			isa = PBXSourcesBuildPhase;
			buildActionMask = 2147483647;
			files = (
				4A7C286321E5E16700016D64 /* FinderDebugHelperUITests.m in Sources */,
			);
			runOnlyForDeploymentPostprocessing = 0;
		};
		4A7C289221E5E36800016D64 /* Sources */ = {
			isa = PBXSourcesBuildPhase;
			buildActionMask = 2147483647;
			files = (
				4A7C28A921E5E38B00016D64 /* FinderSync.m in Sources */,
			);
			runOnlyForDeploymentPostprocessing = 0;
		};
		4AB0031421E5E57F00B39744 /* Sources */ = {
			isa = PBXSourcesBuildPhase;
			buildActionMask = 2147483647;
			files = (
				4AB0031F21E5E57F00B39744 /* main.m in Sources */,
				4A0427EB21E716DC00B47D9D /* NSString+Extension.m in Sources */,
				4AB0031D21E5E57F00B39744 /* FileOperateServer.m in Sources */,
			);
			runOnlyForDeploymentPostprocessing = 0;
		};
/* End PBXSourcesBuildPhase section */

/* Begin PBXTargetDependency section */
		4A7C27D221E5E03D00016D64 /* PBXTargetDependency */ = {
			isa = PBXTargetDependency;
			target = 4A7C27B921E5E03D00016D64 /* HybridDemo */;
			targetProxy = 4A7C27D121E5E03D00016D64 /* PBXContainerItemProxy */;
		};
		4A7C27DD21E5E03D00016D64 /* PBXTargetDependency */ = {
			isa = PBXTargetDependency;
			target = 4A7C27B921E5E03D00016D64 /* HybridDemo */;
			targetProxy = 4A7C27DC21E5E03D00016D64 /* PBXContainerItemProxy */;
		};
		4A7C27FB21E5E08700016D64 /* PBXTargetDependency */ = {
			isa = PBXTargetDependency;
			target = 4A7C27F221E5E08700016D64 /* FinderSync */;
			targetProxy = 4A7C27FA21E5E08700016D64 /* PBXContainerItemProxy */;
		};
		4A7C281C21E5E0FA00016D64 /* PBXTargetDependency */ = {
			isa = PBXTargetDependency;
			target = 4A7C280421E5E0F900016D64 /* FinderDebugHelper */;
			targetProxy = 4A7C281B21E5E0FA00016D64 /* PBXContainerItemProxy */;
		};
		4A7C282721E5E0FA00016D64 /* PBXTargetDependency */ = {
			isa = PBXTargetDependency;
			target = 4A7C280421E5E0F900016D64 /* FinderDebugHelper */;
			targetProxy = 4A7C282621E5E0FA00016D64 /* PBXContainerItemProxy */;
		};
		4A7C289E21E5E36800016D64 /* PBXTargetDependency */ = {
			isa = PBXTargetDependency;
			target = 4A7C289521E5E36800016D64 /* HelperFinderSync */;
			targetProxy = 4A7C289D21E5E36800016D64 /* PBXContainerItemProxy */;
		};
		4AB0032221E5E57F00B39744 /* PBXTargetDependency */ = {
			isa = PBXTargetDependency;
			target = 4AB0031721E5E57F00B39744 /* HostFinderConnectionXPC */;
			targetProxy = 4AB0032121E5E57F00B39744 /* PBXContainerItemProxy */;
		};
/* End PBXTargetDependency section */

/* Begin PBXVariantGroup section */
		4A7C27C521E5E03D00016D64 /* Main.storyboard */ = {
			isa = PBXVariantGroup;
			children = (
				4A7C27C621E5E03D00016D64 /* Base */,
			);
			name = Main.storyboard;
			sourceTree = "<group>";
		};
		4A7C283D21E5E15400016D64 /* Main.storyboard */ = {
			isa = PBXVariantGroup;
			children = (
				4A7C283E21E5E15400016D64 /* Base */,
			);
			name = Main.storyboard;
			sourceTree = "<group>";
		};
/* End PBXVariantGroup section */

/* Begin XCBuildConfiguration section */
		4A7C27E221E5E03E00016D64 /* Debug */ = {
			isa = XCBuildConfiguration;
			buildSettings = {
				ALWAYS_SEARCH_USER_PATHS = NO;
				CLANG_ANALYZER_NONNULL = YES;
				CLANG_ANALYZER_NUMBER_OBJECT_CONVERSION = YES_AGGRESSIVE;
				CLANG_CXX_LANGUAGE_STANDARD = "gnu++14";
				CLANG_CXX_LIBRARY = "libc++";
				CLANG_ENABLE_MODULES = YES;
				CLANG_ENABLE_OBJC_ARC = YES;
				CLANG_ENABLE_OBJC_WEAK = YES;
				CLANG_WARN_BLOCK_CAPTURE_AUTORELEASING = YES;
				CLANG_WARN_BOOL_CONVERSION = YES;
				CLANG_WARN_COMMA = YES;
				CLANG_WARN_CONSTANT_CONVERSION = YES;
				CLANG_WARN_DEPRECATED_OBJC_IMPLEMENTATIONS = YES;
				CLANG_WARN_DIRECT_OBJC_ISA_USAGE = YES_ERROR;
				CLANG_WARN_DOCUMENTATION_COMMENTS = YES;
				CLANG_WARN_EMPTY_BODY = YES;
				CLANG_WARN_ENUM_CONVERSION = YES;
				CLANG_WARN_INFINITE_RECURSION = YES;
				CLANG_WARN_INT_CONVERSION = YES;
				CLANG_WARN_NON_LITERAL_NULL_CONVERSION = YES;
				CLANG_WARN_OBJC_IMPLICIT_RETAIN_SELF = YES;
				CLANG_WARN_OBJC_LITERAL_CONVERSION = YES;
				CLANG_WARN_OBJC_ROOT_CLASS = YES_ERROR;
				CLANG_WARN_RANGE_LOOP_ANALYSIS = YES;
				CLANG_WARN_STRICT_PROTOTYPES = YES;
				CLANG_WARN_SUSPICIOUS_MOVE = YES;
				CLANG_WARN_UNGUARDED_AVAILABILITY = YES_AGGRESSIVE;
				CLANG_WARN_UNREACHABLE_CODE = YES;
				CLANG_WARN__DUPLICATE_METHOD_MATCH = YES;
				CODE_SIGN_IDENTITY = "Mac Developer";
				COPY_PHASE_STRIP = NO;
				DEBUG_INFORMATION_FORMAT = dwarf;
				ENABLE_STRICT_OBJC_MSGSEND = YES;
				ENABLE_TESTABILITY = YES;
				GCC_C_LANGUAGE_STANDARD = gnu11;
				GCC_DYNAMIC_NO_PIC = NO;
				GCC_NO_COMMON_BLOCKS = YES;
				GCC_OPTIMIZATION_LEVEL = 0;
				GCC_PREPROCESSOR_DEFINITIONS = (
					"DEBUG=1",
					"$(inherited)",
				);
				GCC_WARN_64_TO_32_BIT_CONVERSION = YES;
				GCC_WARN_ABOUT_RETURN_TYPE = YES_ERROR;
				GCC_WARN_UNDECLARED_SELECTOR = YES;
				GCC_WARN_UNINITIALIZED_AUTOS = YES_AGGRESSIVE;
				GCC_WARN_UNUSED_FUNCTION = YES;
				GCC_WARN_UNUSED_VARIABLE = YES;
				MACOSX_DEPLOYMENT_TARGET = 10.14;
				MTL_ENABLE_DEBUG_INFO = YES;
				ONLY_ACTIVE_ARCH = YES;
				SDKROOT = macosx;
			};
			name = Debug;
		};
		4A7C27E321E5E03E00016D64 /* Release */ = {
			isa = XCBuildConfiguration;
			buildSettings = {
				ALWAYS_SEARCH_USER_PATHS = NO;
				CLANG_ANALYZER_NONNULL = YES;
				CLANG_ANALYZER_NUMBER_OBJECT_CONVERSION = YES_AGGRESSIVE;
				CLANG_CXX_LANGUAGE_STANDARD = "gnu++14";
				CLANG_CXX_LIBRARY = "libc++";
				CLANG_ENABLE_MODULES = YES;
				CLANG_ENABLE_OBJC_ARC = YES;
				CLANG_ENABLE_OBJC_WEAK = YES;
				CLANG_WARN_BLOCK_CAPTURE_AUTORELEASING = YES;
				CLANG_WARN_BOOL_CONVERSION = YES;
				CLANG_WARN_COMMA = YES;
				CLANG_WARN_CONSTANT_CONVERSION = YES;
				CLANG_WARN_DEPRECATED_OBJC_IMPLEMENTATIONS = YES;
				CLANG_WARN_DIRECT_OBJC_ISA_USAGE = YES_ERROR;
				CLANG_WARN_DOCUMENTATION_COMMENTS = YES;
				CLANG_WARN_EMPTY_BODY = YES;
				CLANG_WARN_ENUM_CONVERSION = YES;
				CLANG_WARN_INFINITE_RECURSION = YES;
				CLANG_WARN_INT_CONVERSION = YES;
				CLANG_WARN_NON_LITERAL_NULL_CONVERSION = YES;
				CLANG_WARN_OBJC_IMPLICIT_RETAIN_SELF = YES;
				CLANG_WARN_OBJC_LITERAL_CONVERSION = YES;
				CLANG_WARN_OBJC_ROOT_CLASS = YES_ERROR;
				CLANG_WARN_RANGE_LOOP_ANALYSIS = YES;
				CLANG_WARN_STRICT_PROTOTYPES = YES;
				CLANG_WARN_SUSPICIOUS_MOVE = YES;
				CLANG_WARN_UNGUARDED_AVAILABILITY = YES_AGGRESSIVE;
				CLANG_WARN_UNREACHABLE_CODE = YES;
				CLANG_WARN__DUPLICATE_METHOD_MATCH = YES;
				CODE_SIGN_IDENTITY = "Mac Developer";
				COPY_PHASE_STRIP = NO;
				DEBUG_INFORMATION_FORMAT = "dwarf-with-dsym";
				ENABLE_NS_ASSERTIONS = NO;
				ENABLE_STRICT_OBJC_MSGSEND = YES;
				GCC_C_LANGUAGE_STANDARD = gnu11;
				GCC_NO_COMMON_BLOCKS = YES;
				GCC_WARN_64_TO_32_BIT_CONVERSION = YES;
				GCC_WARN_ABOUT_RETURN_TYPE = YES_ERROR;
				GCC_WARN_UNDECLARED_SELECTOR = YES;
				GCC_WARN_UNINITIALIZED_AUTOS = YES_AGGRESSIVE;
				GCC_WARN_UNUSED_FUNCTION = YES;
				GCC_WARN_UNUSED_VARIABLE = YES;
				MACOSX_DEPLOYMENT_TARGET = 10.14;
				MTL_ENABLE_DEBUG_INFO = NO;
				SDKROOT = macosx;
			};
			name = Release;
		};
		4A7C27E521E5E03E00016D64 /* Debug */ = {
			isa = XCBuildConfiguration;
			buildSettings = {
				ASSETCATALOG_COMPILER_APPICON_NAME = AppIcon;
				CODE_SIGN_STYLE = Automatic;
				COMBINE_HIDPI_IMAGES = YES;
				DEVELOPMENT_TEAM = 24K4NVLUY4;
				INFOPLIST_FILE = HybridDemo/Info.plist;
				LD_RUNPATH_SEARCH_PATHS = (
					"$(inherited)",
					"@executable_path/../Frameworks",
				);
				PRODUCT_BUNDLE_IDENTIFIER = com.kobeluo.HybridDemo;
				PRODUCT_NAME = "$(TARGET_NAME)";
			};
			name = Debug;
		};
		4A7C27E621E5E03E00016D64 /* Release */ = {
			isa = XCBuildConfiguration;
			buildSettings = {
				ASSETCATALOG_COMPILER_APPICON_NAME = AppIcon;
				CODE_SIGN_STYLE = Automatic;
				COMBINE_HIDPI_IMAGES = YES;
				DEVELOPMENT_TEAM = 24K4NVLUY4;
				INFOPLIST_FILE = HybridDemo/Info.plist;
				LD_RUNPATH_SEARCH_PATHS = (
					"$(inherited)",
					"@executable_path/../Frameworks",
				);
				PRODUCT_BUNDLE_IDENTIFIER = com.kobeluo.HybridDemo;
				PRODUCT_NAME = "$(TARGET_NAME)";
			};
			name = Release;
		};
		4A7C27E821E5E03E00016D64 /* Debug */ = {
			isa = XCBuildConfiguration;
			buildSettings = {
				BUNDLE_LOADER = "$(TEST_HOST)";
				CODE_SIGN_STYLE = Automatic;
				COMBINE_HIDPI_IMAGES = YES;
				DEVELOPMENT_TEAM = 24K4NVLUY4;
				INFOPLIST_FILE = HybridDemoTests/Info.plist;
				LD_RUNPATH_SEARCH_PATHS = (
					"$(inherited)",
					"@executable_path/../Frameworks",
					"@loader_path/../Frameworks",
				);
				PRODUCT_BUNDLE_IDENTIFIER = com.kobeluo.HybridDemoTests;
				PRODUCT_NAME = "$(TARGET_NAME)";
				TEST_HOST = "$(BUILT_PRODUCTS_DIR)/HybridDemo.app/Contents/MacOS/HybridDemo";
			};
			name = Debug;
		};
		4A7C27E921E5E03E00016D64 /* Release */ = {
			isa = XCBuildConfiguration;
			buildSettings = {
				BUNDLE_LOADER = "$(TEST_HOST)";
				CODE_SIGN_STYLE = Automatic;
				COMBINE_HIDPI_IMAGES = YES;
				DEVELOPMENT_TEAM = 24K4NVLUY4;
				INFOPLIST_FILE = HybridDemoTests/Info.plist;
				LD_RUNPATH_SEARCH_PATHS = (
					"$(inherited)",
					"@executable_path/../Frameworks",
					"@loader_path/../Frameworks",
				);
				PRODUCT_BUNDLE_IDENTIFIER = com.kobeluo.HybridDemoTests;
				PRODUCT_NAME = "$(TARGET_NAME)";
				TEST_HOST = "$(BUILT_PRODUCTS_DIR)/HybridDemo.app/Contents/MacOS/HybridDemo";
			};
			name = Release;
		};
		4A7C27EB21E5E03E00016D64 /* Debug */ = {
			isa = XCBuildConfiguration;
			buildSettings = {
				CODE_SIGN_STYLE = Automatic;
				COMBINE_HIDPI_IMAGES = YES;
				DEVELOPMENT_TEAM = 24K4NVLUY4;
				INFOPLIST_FILE = HybridDemoUITests/Info.plist;
				LD_RUNPATH_SEARCH_PATHS = (
					"$(inherited)",
					"@executable_path/../Frameworks",
					"@loader_path/../Frameworks",
				);
				PRODUCT_BUNDLE_IDENTIFIER = com.kobeluo.HybridDemoUITests;
				PRODUCT_NAME = "$(TARGET_NAME)";
				TEST_TARGET_NAME = HybridDemo;
			};
			name = Debug;
		};
		4A7C27EC21E5E03E00016D64 /* Release */ = {
			isa = XCBuildConfiguration;
			buildSettings = {
				CODE_SIGN_STYLE = Automatic;
				COMBINE_HIDPI_IMAGES = YES;
				DEVELOPMENT_TEAM = 24K4NVLUY4;
				INFOPLIST_FILE = HybridDemoUITests/Info.plist;
				LD_RUNPATH_SEARCH_PATHS = (
					"$(inherited)",
					"@executable_path/../Frameworks",
					"@loader_path/../Frameworks",
				);
				PRODUCT_BUNDLE_IDENTIFIER = com.kobeluo.HybridDemoUITests;
				PRODUCT_NAME = "$(TARGET_NAME)";
				TEST_TARGET_NAME = HybridDemo;
			};
			name = Release;
		};
		4A7C27FE21E5E08700016D64 /* Debug */ = {
			isa = XCBuildConfiguration;
			buildSettings = {
				CODE_SIGN_ENTITLEMENTS = HybridDemo/Other/FinderSync/FinderSync.entitlements;
				CODE_SIGN_STYLE = Automatic;
				COMBINE_HIDPI_IMAGES = YES;
				DEVELOPMENT_TEAM = 24K4NVLUY4;
				GCC_PREPROCESSOR_DEFINITIONS = (
					HYBRID,
					"DEBUG=1",
					"$(inherited)",
				);
				INFOPLIST_FILE = HybridDemo/Other/FinderSync/Info.plist;
				LD_RUNPATH_SEARCH_PATHS = (
					"$(inherited)",
					"@executable_path/../Frameworks",
					"@executable_path/../../../../Frameworks",
				);
				PRODUCT_BUNDLE_IDENTIFIER = com.kobeluo.HybridDemo.FinderSync;
				PRODUCT_NAME = "$(TARGET_NAME)";
				SKIP_INSTALL = YES;
			};
			name = Debug;
		};
		4A7C27FF21E5E08700016D64 /* Release */ = {
			isa = XCBuildConfiguration;
			buildSettings = {
				CODE_SIGN_ENTITLEMENTS = HybridDemo/Other/FinderSync/FinderSync.entitlements;
				CODE_SIGN_STYLE = Automatic;
				COMBINE_HIDPI_IMAGES = YES;
				DEVELOPMENT_TEAM = 24K4NVLUY4;
				INFOPLIST_FILE = HybridDemo/Other/FinderSync/Info.plist;
				LD_RUNPATH_SEARCH_PATHS = (
					"$(inherited)",
					"@executable_path/../Frameworks",
					"@executable_path/../../../../Frameworks",
				);
				PRODUCT_BUNDLE_IDENTIFIER = com.kobeluo.HybridDemo.FinderSync;
				PRODUCT_NAME = "$(TARGET_NAME)";
				SKIP_INSTALL = YES;
			};
			name = Release;
		};
		4A7C282D21E5E0FA00016D64 /* Debug */ = {
			isa = XCBuildConfiguration;
			buildSettings = {
				ASSETCATALOG_COMPILER_APPICON_NAME = AppIcon;
				CODE_SIGN_STYLE = Automatic;
				COMBINE_HIDPI_IMAGES = YES;
				DEVELOPMENT_TEAM = 24K4NVLUY4;
				INFOPLIST_FILE = HybridDemo/Other/FinderDebugHelper/Info.plist;
				LD_RUNPATH_SEARCH_PATHS = (
					"$(inherited)",
					"@executable_path/../Frameworks",
				);
				PRODUCT_BUNDLE_IDENTIFIER = com.kobeluo.FinderDebugHelper;
				PRODUCT_NAME = "$(TARGET_NAME)";
			};
			name = Debug;
		};
		4A7C282E21E5E0FA00016D64 /* Release */ = {
			isa = XCBuildConfiguration;
			buildSettings = {
				ASSETCATALOG_COMPILER_APPICON_NAME = AppIcon;
				CODE_SIGN_STYLE = Automatic;
				COMBINE_HIDPI_IMAGES = YES;
				DEVELOPMENT_TEAM = 24K4NVLUY4;
				INFOPLIST_FILE = HybridDemo/Other/FinderDebugHelper/Info.plist;
				LD_RUNPATH_SEARCH_PATHS = (
					"$(inherited)",
					"@executable_path/../Frameworks",
				);
				PRODUCT_BUNDLE_IDENTIFIER = com.kobeluo.FinderDebugHelper;
				PRODUCT_NAME = "$(TARGET_NAME)";
			};
			name = Release;
		};
		4A7C283021E5E0FA00016D64 /* Debug */ = {
			isa = XCBuildConfiguration;
			buildSettings = {
				BUNDLE_LOADER = "$(TEST_HOST)";
				CODE_SIGN_STYLE = Automatic;
				COMBINE_HIDPI_IMAGES = YES;
				DEVELOPMENT_TEAM = 24K4NVLUY4;
				INFOPLIST_FILE = HybridDemo/Other/FinderDebugHelperTests/Info.plist;
				LD_RUNPATH_SEARCH_PATHS = (
					"$(inherited)",
					"@executable_path/../Frameworks",
					"@loader_path/../Frameworks",
				);
				PRODUCT_BUNDLE_IDENTIFIER = com.kobeluo.FinderDebugHelperTests;
				PRODUCT_NAME = "$(TARGET_NAME)";
				TEST_HOST = "$(BUILT_PRODUCTS_DIR)/FinderDebugHelper.app/Contents/MacOS/FinderDebugHelper";
			};
			name = Debug;
		};
		4A7C283121E5E0FA00016D64 /* Release */ = {
			isa = XCBuildConfiguration;
			buildSettings = {
				BUNDLE_LOADER = "$(TEST_HOST)";
				CODE_SIGN_STYLE = Automatic;
				COMBINE_HIDPI_IMAGES = YES;
				DEVELOPMENT_TEAM = 24K4NVLUY4;
				INFOPLIST_FILE = HybridDemo/Other/FinderDebugHelperTests/Info.plist;
				LD_RUNPATH_SEARCH_PATHS = (
					"$(inherited)",
					"@executable_path/../Frameworks",
					"@loader_path/../Frameworks",
				);
				PRODUCT_BUNDLE_IDENTIFIER = com.kobeluo.FinderDebugHelperTests;
				PRODUCT_NAME = "$(TARGET_NAME)";
				TEST_HOST = "$(BUILT_PRODUCTS_DIR)/FinderDebugHelper.app/Contents/MacOS/FinderDebugHelper";
			};
			name = Release;
		};
		4A7C283321E5E0FA00016D64 /* Debug */ = {
			isa = XCBuildConfiguration;
			buildSettings = {
				CODE_SIGN_STYLE = Automatic;
				COMBINE_HIDPI_IMAGES = YES;
				DEVELOPMENT_TEAM = 24K4NVLUY4;
				INFOPLIST_FILE = HybridDemo/Other/FinderDebugHelperUITests/Info.plist;
				LD_RUNPATH_SEARCH_PATHS = (
					"$(inherited)",
					"@executable_path/../Frameworks",
					"@loader_path/../Frameworks",
				);
				PRODUCT_BUNDLE_IDENTIFIER = com.kobeluo.FinderDebugHelperUITests;
				PRODUCT_NAME = "$(TARGET_NAME)";
				TEST_TARGET_NAME = FinderDebugHelper;
			};
			name = Debug;
		};
		4A7C283421E5E0FA00016D64 /* Release */ = {
			isa = XCBuildConfiguration;
			buildSettings = {
				CODE_SIGN_STYLE = Automatic;
				COMBINE_HIDPI_IMAGES = YES;
				DEVELOPMENT_TEAM = 24K4NVLUY4;
				INFOPLIST_FILE = HybridDemo/Other/FinderDebugHelperUITests/Info.plist;
				LD_RUNPATH_SEARCH_PATHS = (
					"$(inherited)",
					"@executable_path/../Frameworks",
					"@loader_path/../Frameworks",
				);
				PRODUCT_BUNDLE_IDENTIFIER = com.kobeluo.FinderDebugHelperUITests;
				PRODUCT_NAME = "$(TARGET_NAME)";
				TEST_TARGET_NAME = FinderDebugHelper;
			};
			name = Release;
		};
		4A7C28A121E5E36800016D64 /* Debug */ = {
			isa = XCBuildConfiguration;
			buildSettings = {
				CODE_SIGN_ENTITLEMENTS = HybridDemo/Other/HelperFinderSync/HelperFinderSync.entitlements;
				CODE_SIGN_STYLE = Automatic;
				COMBINE_HIDPI_IMAGES = YES;
				DEVELOPMENT_TEAM = 24K4NVLUY4;
				INFOPLIST_FILE = HybridDemo/Other/HelperFinderSync/Info.plist;
				LD_RUNPATH_SEARCH_PATHS = (
					"$(inherited)",
					"@executable_path/../Frameworks",
					"@executable_path/../../../../Frameworks",
				);
				PRODUCT_BUNDLE_IDENTIFIER = com.kobeluo.FinderDebugHelper.HelperFinderSync;
				PRODUCT_NAME = "$(TARGET_NAME)";
				SKIP_INSTALL = YES;
			};
			name = Debug;
		};
		4A7C28A221E5E36800016D64 /* Release */ = {
			isa = XCBuildConfiguration;
			buildSettings = {
				CODE_SIGN_ENTITLEMENTS = HybridDemo/Other/HelperFinderSync/HelperFinderSync.entitlements;
				CODE_SIGN_STYLE = Automatic;
				COMBINE_HIDPI_IMAGES = YES;
				DEVELOPMENT_TEAM = 24K4NVLUY4;
				INFOPLIST_FILE = HybridDemo/Other/HelperFinderSync/Info.plist;
				LD_RUNPATH_SEARCH_PATHS = (
					"$(inherited)",
					"@executable_path/../Frameworks",
					"@executable_path/../../../../Frameworks",
				);
				PRODUCT_BUNDLE_IDENTIFIER = com.kobeluo.FinderDebugHelper.HelperFinderSync;
				PRODUCT_NAME = "$(TARGET_NAME)";
				SKIP_INSTALL = YES;
			};
			name = Release;
		};
		4AB0032421E5E57F00B39744 /* Debug */ = {
			isa = XCBuildConfiguration;
			buildSettings = {
				CODE_SIGN_STYLE = Automatic;
				COMBINE_HIDPI_IMAGES = YES;
				DEVELOPMENT_TEAM = 24K4NVLUY4;
				INFOPLIST_FILE = HostFinderConnectionXPC/Info.plist;
				MTL_ENABLE_DEBUG_INFO = INCLUDE_SOURCE;
				MTL_FAST_MATH = YES;
				PRODUCT_BUNDLE_IDENTIFIER = com.kobeluo.XPC.FileOperateServer;
				PRODUCT_NAME = "$(TARGET_NAME)";
				SKIP_INSTALL = YES;
			};
			name = Debug;
		};
		4AB0032521E5E57F00B39744 /* Release */ = {
			isa = XCBuildConfiguration;
			buildSettings = {
				CODE_SIGN_STYLE = Automatic;
				COMBINE_HIDPI_IMAGES = YES;
				DEVELOPMENT_TEAM = 24K4NVLUY4;
				INFOPLIST_FILE = HostFinderConnectionXPC/Info.plist;
				MTL_FAST_MATH = YES;
				PRODUCT_BUNDLE_IDENTIFIER = com.kobeluo.XPC.FileOperateServer;
				PRODUCT_NAME = "$(TARGET_NAME)";
				SKIP_INSTALL = YES;
			};
			name = Release;
		};
/* End XCBuildConfiguration section */

/* Begin XCConfigurationList section */
		4A7C27B521E5E03D00016D64 /* Build configuration list for PBXProject "HybridDemo" */ = {
			isa = XCConfigurationList;
			buildConfigurations = (
				4A7C27E221E5E03E00016D64 /* Debug */,
				4A7C27E321E5E03E00016D64 /* Release */,
			);
			defaultConfigurationIsVisible = 0;
			defaultConfigurationName = Release;
		};
		4A7C27E421E5E03E00016D64 /* Build configuration list for PBXNativeTarget "HybridDemo" */ = {
			isa = XCConfigurationList;
			buildConfigurations = (
				4A7C27E521E5E03E00016D64 /* Debug */,
				4A7C27E621E5E03E00016D64 /* Release */,
			);
			defaultConfigurationIsVisible = 0;
			defaultConfigurationName = Release;
		};
		4A7C27E721E5E03E00016D64 /* Build configuration list for PBXNativeTarget "HybridDemoTests" */ = {
			isa = XCConfigurationList;
			buildConfigurations = (
				4A7C27E821E5E03E00016D64 /* Debug */,
				4A7C27E921E5E03E00016D64 /* Release */,
			);
			defaultConfigurationIsVisible = 0;
			defaultConfigurationName = Release;
		};
		4A7C27EA21E5E03E00016D64 /* Build configuration list for PBXNativeTarget "HybridDemoUITests" */ = {
			isa = XCConfigurationList;
			buildConfigurations = (
				4A7C27EB21E5E03E00016D64 /* Debug */,
				4A7C27EC21E5E03E00016D64 /* Release */,
			);
			defaultConfigurationIsVisible = 0;
			defaultConfigurationName = Release;
		};
		4A7C27FD21E5E08700016D64 /* Build configuration list for PBXNativeTarget "FinderSync" */ = {
			isa = XCConfigurationList;
			buildConfigurations = (
				4A7C27FE21E5E08700016D64 /* Debug */,
				4A7C27FF21E5E08700016D64 /* Release */,
			);
			defaultConfigurationIsVisible = 0;
			defaultConfigurationName = Release;
		};
		4A7C282C21E5E0FA00016D64 /* Build configuration list for PBXNativeTarget "FinderDebugHelper" */ = {
			isa = XCConfigurationList;
			buildConfigurations = (
				4A7C282D21E5E0FA00016D64 /* Debug */,
				4A7C282E21E5E0FA00016D64 /* Release */,
			);
			defaultConfigurationIsVisible = 0;
			defaultConfigurationName = Release;
		};
		4A7C282F21E5E0FA00016D64 /* Build configuration list for PBXNativeTarget "FinderDebugHelperTests" */ = {
			isa = XCConfigurationList;
			buildConfigurations = (
				4A7C283021E5E0FA00016D64 /* Debug */,
				4A7C283121E5E0FA00016D64 /* Release */,
			);
			defaultConfigurationIsVisible = 0;
			defaultConfigurationName = Release;
		};
		4A7C283221E5E0FA00016D64 /* Build configuration list for PBXNativeTarget "FinderDebugHelperUITests" */ = {
			isa = XCConfigurationList;
			buildConfigurations = (
				4A7C283321E5E0FA00016D64 /* Debug */,
				4A7C283421E5E0FA00016D64 /* Release */,
			);
			defaultConfigurationIsVisible = 0;
			defaultConfigurationName = Release;
		};
		4A7C28A021E5E36800016D64 /* Build configuration list for PBXNativeTarget "HelperFinderSync" */ = {
			isa = XCConfigurationList;
			buildConfigurations = (
				4A7C28A121E5E36800016D64 /* Debug */,
				4A7C28A221E5E36800016D64 /* Release */,
			);
			defaultConfigurationIsVisible = 0;
			defaultConfigurationName = Release;
		};
		4AB0032621E5E57F00B39744 /* Build configuration list for PBXNativeTarget "HostFinderConnectionXPC" */ = {
			isa = XCConfigurationList;
			buildConfigurations = (
				4AB0032421E5E57F00B39744 /* Debug */,
				4AB0032521E5E57F00B39744 /* Release */,
			);
			defaultConfigurationIsVisible = 0;
			defaultConfigurationName = Release;
		};
/* End XCConfigurationList section */
	};
	rootObject = 4A7C27B221E5E03D00016D64 /* Project object */;
}
